
Microsoft Visual Studio Solution File, Format Version 12.00
# Visual Studio Version 16
VisualStudioVersion = 16.0.28803.352
MinimumVisualStudioVersion = 10.0.40219.1
Project("{FAE04EC0-301F-11D3-BF4B-00C04F79EFBC}") = "ReactiveUI.UwpRouting.UWP", "ReactiveUI.UwpRouting.UWP\ReactiveUI.UwpRouting.UWP.csproj", "{C390DC24-D7DC-4384-8344-6A2B03A8BD34}"
EndProject
Project("{FAE04EC0-301F-11D3-BF4B-00C04F79EFBC}") = "ReactiveUI.UwpRouting.Droid", "ReactiveUI.UwpRouting.Droid\ReactiveUI.UwpRouting.Droid.csproj", "{5FC57955-37FD-46B1-BC65-1AFBC1F127FB}"
EndProject
Project("{FAE04EC0-301F-11D3-BF4B-00C04F79EFBC}") = "ReactiveUI.UwpRouting.iOS", "ReactiveUI.UwpRouting.iOS\ReactiveUI.UwpRouting.iOS.csproj", "{33577C59-4FA0-4D1B-9C25-DBCE1A14A0E4}"
EndProject
Project("{D954291E-2A0B-460D-934E-DC6B0785DB48}") = "ReactiveUI.UwpRouting.Shared", "ReactiveUI.UwpRouting.Shared\ReactiveUI.UwpRouting.Shared.shproj", "{6279C845-92F8-4333-AB99-3D213163593C}"
EndProject
Project("{9A19103F-16F7-4668-BE54-9A1E7A4F7556}") = "ReactiveUI.UwpRouting.Wasm", "ReactiveUI.UwpRouting.Wasm\ReactiveUI.UwpRouting.Wasm.csproj", "{C2C016D0-7EA2-4462-8713-3405A09D901A}"
EndProject
Global
	GlobalSection(SharedMSBuildProjectFiles) = preSolution
		ReactiveUI.UwpRouting.Shared\ReactiveUI.UwpRouting.Shared.projitems*{33577c59-4fa0-4d1b-9c25-dbce1a14a0e4}*SharedItemsImports = 4
		ReactiveUI.UwpRouting.Shared\ReactiveUI.UwpRouting.Shared.projitems*{5fc57955-37fd-46b1-bc65-1afbc1f127fb}*SharedItemsImports = 4
		ReactiveUI.UwpRouting.Shared\ReactiveUI.UwpRouting.Shared.projitems*{6279c845-92f8-4333-ab99-3d213163593c}*SharedItemsImports = 13
		ReactiveUI.UwpRouting.Shared\ReactiveUI.UwpRouting.Shared.projitems*{c390dc24-d7dc-4384-8344-6a2b03a8bd34}*SharedItemsImports = 4
	EndGlobalSection
	GlobalSection(SolutionConfigurationPlatforms) = preSolution
		Ad-Hoc|Any CPU = Ad-Hoc|Any CPU
		Ad-Hoc|ARM = Ad-Hoc|ARM
		Ad-Hoc|ARM64 = Ad-Hoc|ARM64
		Ad-Hoc|iPhone = Ad-Hoc|iPhone
		Ad-Hoc|iPhoneSimulator = Ad-Hoc|iPhoneSimulator
		Ad-Hoc|x64 = Ad-Hoc|x64
		Ad-Hoc|x86 = Ad-Hoc|x86
		AppStore|Any CPU = AppStore|Any CPU
		AppStore|ARM = AppStore|ARM
		AppStore|ARM64 = AppStore|ARM64
		AppStore|iPhone = AppStore|iPhone
		AppStore|iPhoneSimulator = AppStore|iPhoneSimulator
		AppStore|x64 = AppStore|x64
		AppStore|x86 = AppStore|x86
		Debug|Any CPU = Debug|Any CPU
		Debug|ARM = Debug|ARM
		Debug|ARM64 = Debug|ARM64
		Debug|iPhone = Debug|iPhone
		Debug|iPhoneSimulator = Debug|iPhoneSimulator
		Debug|x64 = Debug|x64
		Debug|x86 = Debug|x86
		Release|Any CPU = Release|Any CPU
		Release|ARM = Release|ARM
		Release|ARM64 = Release|ARM64
		Release|iPhone = Release|iPhone
		Release|iPhoneSimulator = Release|iPhoneSimulator
		Release|x64 = Release|x64
		Release|x86 = Release|x86
	EndGlobalSection
	GlobalSection(ProjectConfigurationPlatforms) = postSolution
		{C390DC24-D7DC-4384-8344-6A2B03A8BD34}.Ad-Hoc|Any CPU.ActiveCfg = Release|x86
		{C390DC24-D7DC-4384-8344-6A2B03A8BD34}.Ad-Hoc|Any CPU.Build.0 = Release|x86
		{C390DC24-D7DC-4384-8344-6A2B03A8BD34}.Ad-Hoc|Any CPU.Deploy.0 = Release|x86
		{C390DC24-D7DC-4384-8344-6A2B03A8BD34}.Ad-Hoc|ARM.ActiveCfg = Release|ARM
		{C390DC24-D7DC-4384-8344-6A2B03A8BD34}.Ad-Hoc|ARM.Build.0 = Release|ARM
		{C390DC24-D7DC-4384-8344-6A2B03A8BD34}.Ad-Hoc|ARM.Deploy.0 = Release|ARM
		{C390DC24-D7DC-4384-8344-6A2B03A8BD34}.Ad-Hoc|ARM64.ActiveCfg = Release|ARM64
		{C390DC24-D7DC-4384-8344-6A2B03A8BD34}.Ad-Hoc|ARM64.Build.0 = Release|ARM64
		{C390DC24-D7DC-4384-8344-6A2B03A8BD34}.Ad-Hoc|ARM64.Deploy.0 = Release|ARM64
		{C390DC24-D7DC-4384-8344-6A2B03A8BD34}.Ad-Hoc|iPhone.ActiveCfg = Release|x86
		{C390DC24-D7DC-4384-8344-6A2B03A8BD34}.Ad-Hoc|iPhone.Build.0 = Release|x86
		{C390DC24-D7DC-4384-8344-6A2B03A8BD34}.Ad-Hoc|iPhone.Deploy.0 = Release|x86
		{C390DC24-D7DC-4384-8344-6A2B03A8BD34}.Ad-Hoc|iPhoneSimulator.ActiveCfg = Release|x86
		{C390DC24-D7DC-4384-8344-6A2B03A8BD34}.Ad-Hoc|iPhoneSimulator.Build.0 = Release|x86
		{C390DC24-D7DC-4384-8344-6A2B03A8BD34}.Ad-Hoc|iPhoneSimulator.Deploy.0 = Release|x86
		{C390DC24-D7DC-4384-8344-6A2B03A8BD34}.Ad-Hoc|x64.ActiveCfg = Release|x64
		{C390DC24-D7DC-4384-8344-6A2B03A8BD34}.Ad-Hoc|x64.Build.0 = Release|x64
		{C390DC24-D7DC-4384-8344-6A2B03A8BD34}.Ad-Hoc|x64.Deploy.0 = Release|x64
		{C390DC24-D7DC-4384-8344-6A2B03A8BD34}.Ad-Hoc|x86.ActiveCfg = Release|x86
		{C390DC24-D7DC-4384-8344-6A2B03A8BD34}.Ad-Hoc|x86.Build.0 = Release|x86
		{C390DC24-D7DC-4384-8344-6A2B03A8BD34}.Ad-Hoc|x86.Deploy.0 = Release|x86
		{C390DC24-D7DC-4384-8344-6A2B03A8BD34}.AppStore|Any CPU.ActiveCfg = Release|x86
		{C390DC24-D7DC-4384-8344-6A2B03A8BD34}.AppStore|Any CPU.Build.0 = Release|x86
		{C390DC24-D7DC-4384-8344-6A2B03A8BD34}.AppStore|Any CPU.Deploy.0 = Release|x86
		{C390DC24-D7DC-4384-8344-6A2B03A8BD34}.AppStore|ARM.ActiveCfg = Release|ARM
		{C390DC24-D7DC-4384-8344-6A2B03A8BD34}.AppStore|ARM.Build.0 = Release|ARM
		{C390DC24-D7DC-4384-8344-6A2B03A8BD34}.AppStore|ARM.Deploy.0 = Release|ARM
		{C390DC24-D7DC-4384-8344-6A2B03A8BD34}.AppStore|ARM64.ActiveCfg = Release|ARM64
		{C390DC24-D7DC-4384-8344-6A2B03A8BD34}.AppStore|ARM64.Build.0 = Release|ARM64
		{C390DC24-D7DC-4384-8344-6A2B03A8BD34}.AppStore|ARM64.Deploy.0 = Release|ARM64
		{C390DC24-D7DC-4384-8344-6A2B03A8BD34}.AppStore|iPhone.ActiveCfg = Release|x86
		{C390DC24-D7DC-4384-8344-6A2B03A8BD34}.AppStore|iPhone.Build.0 = Release|x86
		{C390DC24-D7DC-4384-8344-6A2B03A8BD34}.AppStore|iPhone.Deploy.0 = Release|x86
		{C390DC24-D7DC-4384-8344-6A2B03A8BD34}.AppStore|iPhoneSimulator.ActiveCfg = Release|x86
		{C390DC24-D7DC-4384-8344-6A2B03A8BD34}.AppStore|iPhoneSimulator.Build.0 = Release|x86
		{C390DC24-D7DC-4384-8344-6A2B03A8BD34}.AppStore|iPhoneSimulator.Deploy.0 = Release|x86
		{C390DC24-D7DC-4384-8344-6A2B03A8BD34}.AppStore|x64.ActiveCfg = Release|x64
		{C390DC24-D7DC-4384-8344-6A2B03A8BD34}.AppStore|x64.Build.0 = Release|x64
		{C390DC24-D7DC-4384-8344-6A2B03A8BD34}.AppStore|x64.Deploy.0 = Release|x64
		{C390DC24-D7DC-4384-8344-6A2B03A8BD34}.AppStore|x86.ActiveCfg = Release|x86
		{C390DC24-D7DC-4384-8344-6A2B03A8BD34}.AppStore|x86.Build.0 = Release|x86
		{C390DC24-D7DC-4384-8344-6A2B03A8BD34}.AppStore|x86.Deploy.0 = Release|x86
		{C390DC24-D7DC-4384-8344-6A2B03A8BD34}.Debug|Any CPU.ActiveCfg = Debug|x86
		{C390DC24-D7DC-4384-8344-6A2B03A8BD34}.Debug|ARM.ActiveCfg = Debug|ARM
		{C390DC24-D7DC-4384-8344-6A2B03A8BD34}.Debug|ARM.Build.0 = Debug|ARM
		{C390DC24-D7DC-4384-8344-6A2B03A8BD34}.Debug|ARM.Deploy.0 = Debug|ARM
		{C390DC24-D7DC-4384-8344-6A2B03A8BD34}.Debug|ARM64.ActiveCfg = Debug|ARM64
		{C390DC24-D7DC-4384-8344-6A2B03A8BD34}.Debug|ARM64.Build.0 = Debug|ARM64
		{C390DC24-D7DC-4384-8344-6A2B03A8BD34}.Debug|ARM64.Deploy.0 = Debug|ARM64
		{C390DC24-D7DC-4384-8344-6A2B03A8BD34}.Debug|iPhone.ActiveCfg = Debug|x86
		{C390DC24-D7DC-4384-8344-6A2B03A8BD34}.Debug|iPhoneSimulator.ActiveCfg = Debug|x86
		{C390DC24-D7DC-4384-8344-6A2B03A8BD34}.Debug|x64.ActiveCfg = Debug|x64
		{C390DC24-D7DC-4384-8344-6A2B03A8BD34}.Debug|x64.Build.0 = Debug|x64
		{C390DC24-D7DC-4384-8344-6A2B03A8BD34}.Debug|x64.Deploy.0 = Debug|x64
		{C390DC24-D7DC-4384-8344-6A2B03A8BD34}.Debug|x86.ActiveCfg = Debug|x86
		{C390DC24-D7DC-4384-8344-6A2B03A8BD34}.Debug|x86.Build.0 = Debug|x86
		{C390DC24-D7DC-4384-8344-6A2B03A8BD34}.Debug|x86.Deploy.0 = Debug|x86
		{C390DC24-D7DC-4384-8344-6A2B03A8BD34}.Release|Any CPU.ActiveCfg = Release|x86
		{C390DC24-D7DC-4384-8344-6A2B03A8BD34}.Release|ARM.ActiveCfg = Release|ARM
		{C390DC24-D7DC-4384-8344-6A2B03A8BD34}.Release|ARM.Build.0 = Release|ARM
		{C390DC24-D7DC-4384-8344-6A2B03A8BD34}.Release|ARM.Deploy.0 = Release|ARM
		{C390DC24-D7DC-4384-8344-6A2B03A8BD34}.Release|ARM64.ActiveCfg = Release|ARM64
		{C390DC24-D7DC-4384-8344-6A2B03A8BD34}.Release|ARM64.Build.0 = Release|ARM64
		{C390DC24-D7DC-4384-8344-6A2B03A8BD34}.Release|ARM64.Deploy.0 = Release|ARM64
		{C390DC24-D7DC-4384-8344-6A2B03A8BD34}.Release|iPhone.ActiveCfg = Release|x86
		{C390DC24-D7DC-4384-8344-6A2B03A8BD34}.Release|iPhoneSimulator.ActiveCfg = Release|x86
		{C390DC24-D7DC-4384-8344-6A2B03A8BD34}.Release|x64.ActiveCfg = Release|x64
		{C390DC24-D7DC-4384-8344-6A2B03A8BD34}.Release|x64.Build.0 = Release|x64
		{C390DC24-D7DC-4384-8344-6A2B03A8BD34}.Release|x64.Deploy.0 = Release|x64
		{C390DC24-D7DC-4384-8344-6A2B03A8BD34}.Release|x86.ActiveCfg = Release|x86
		{C390DC24-D7DC-4384-8344-6A2B03A8BD34}.Release|x86.Build.0 = Release|x86
		{C390DC24-D7DC-4384-8344-6A2B03A8BD34}.Release|x86.Deploy.0 = Release|x86
		{5FC57955-37FD-46B1-BC65-1AFBC1F127FB}.Ad-Hoc|Any CPU.ActiveCfg = Release|Any CPU
		{5FC57955-37FD-46B1-BC65-1AFBC1F127FB}.Ad-Hoc|Any CPU.Build.0 = Release|Any CPU
		{5FC57955-37FD-46B1-BC65-1AFBC1F127FB}.Ad-Hoc|Any CPU.Deploy.0 = Release|Any CPU
		{5FC57955-37FD-46B1-BC65-1AFBC1F127FB}.Ad-Hoc|ARM.ActiveCfg = Release|Any CPU
		{5FC57955-37FD-46B1-BC65-1AFBC1F127FB}.Ad-Hoc|ARM.Build.0 = Release|Any CPU
		{5FC57955-37FD-46B1-BC65-1AFBC1F127FB}.Ad-Hoc|ARM.Deploy.0 = Release|Any CPU
		{5FC57955-37FD-46B1-BC65-1AFBC1F127FB}.Ad-Hoc|ARM64.ActiveCfg = Release|Any CPU
		{5FC57955-37FD-46B1-BC65-1AFBC1F127FB}.Ad-Hoc|ARM64.Build.0 = Release|Any CPU
		{5FC57955-37FD-46B1-BC65-1AFBC1F127FB}.Ad-Hoc|ARM64.Deploy.0 = Release|Any CPU
		{5FC57955-37FD-46B1-BC65-1AFBC1F127FB}.Ad-Hoc|iPhone.ActiveCfg = Release|Any CPU
		{5FC57955-37FD-46B1-BC65-1AFBC1F127FB}.Ad-Hoc|iPhone.Build.0 = Release|Any CPU
		{5FC57955-37FD-46B1-BC65-1AFBC1F127FB}.Ad-Hoc|iPhone.Deploy.0 = Release|Any CPU
		{5FC57955-37FD-46B1-BC65-1AFBC1F127FB}.Ad-Hoc|iPhoneSimulator.ActiveCfg = Release|Any CPU
		{5FC57955-37FD-46B1-BC65-1AFBC1F127FB}.Ad-Hoc|iPhoneSimulator.Build.0 = Release|Any CPU
		{5FC57955-37FD-46B1-BC65-1AFBC1F127FB}.Ad-Hoc|iPhoneSimulator.Deploy.0 = Release|Any CPU
		{5FC57955-37FD-46B1-BC65-1AFBC1F127FB}.Ad-Hoc|x64.ActiveCfg = Release|Any CPU
		{5FC57955-37FD-46B1-BC65-1AFBC1F127FB}.Ad-Hoc|x64.Build.0 = Release|Any CPU
		{5FC57955-37FD-46B1-BC65-1AFBC1F127FB}.Ad-Hoc|x64.Deploy.0 = Release|Any CPU
		{5FC57955-37FD-46B1-BC65-1AFBC1F127FB}.Ad-Hoc|x86.ActiveCfg = Release|Any CPU
		{5FC57955-37FD-46B1-BC65-1AFBC1F127FB}.Ad-Hoc|x86.Build.0 = Release|Any CPU
		{5FC57955-37FD-46B1-BC65-1AFBC1F127FB}.Ad-Hoc|x86.Deploy.0 = Release|Any CPU
		{5FC57955-37FD-46B1-BC65-1AFBC1F127FB}.AppStore|Any CPU.ActiveCfg = Release|Any CPU
		{5FC57955-37FD-46B1-BC65-1AFBC1F127FB}.AppStore|Any CPU.Build.0 = Release|Any CPU
		{5FC57955-37FD-46B1-BC65-1AFBC1F127FB}.AppStore|Any CPU.Deploy.0 = Release|Any CPU
		{5FC57955-37FD-46B1-BC65-1AFBC1F127FB}.AppStore|ARM.ActiveCfg = Release|Any CPU
		{5FC57955-37FD-46B1-BC65-1AFBC1F127FB}.AppStore|ARM.Build.0 = Release|Any CPU
		{5FC57955-37FD-46B1-BC65-1AFBC1F127FB}.AppStore|ARM.Deploy.0 = Release|Any CPU
		{5FC57955-37FD-46B1-BC65-1AFBC1F127FB}.AppStore|ARM64.ActiveCfg = Release|Any CPU
		{5FC57955-37FD-46B1-BC65-1AFBC1F127FB}.AppStore|ARM64.Build.0 = Release|Any CPU
		{5FC57955-37FD-46B1-BC65-1AFBC1F127FB}.AppStore|ARM64.Deploy.0 = Release|Any CPU
		{5FC57955-37FD-46B1-BC65-1AFBC1F127FB}.AppStore|iPhone.ActiveCfg = Release|Any CPU
		{5FC57955-37FD-46B1-BC65-1AFBC1F127FB}.AppStore|iPhone.Build.0 = Release|Any CPU
		{5FC57955-37FD-46B1-BC65-1AFBC1F127FB}.AppStore|iPhone.Deploy.0 = Release|Any CPU
		{5FC57955-37FD-46B1-BC65-1AFBC1F127FB}.AppStore|iPhoneSimulator.ActiveCfg = Release|Any CPU
		{5FC57955-37FD-46B1-BC65-1AFBC1F127FB}.AppStore|iPhoneSimulator.Build.0 = Release|Any CPU
		{5FC57955-37FD-46B1-BC65-1AFBC1F127FB}.AppStore|iPhoneSimulator.Deploy.0 = Release|Any CPU
		{5FC57955-37FD-46B1-BC65-1AFBC1F127FB}.AppStore|x64.ActiveCfg = Release|Any CPU
		{5FC57955-37FD-46B1-BC65-1AFBC1F127FB}.AppStore|x64.Build.0 = Release|Any CPU
		{5FC57955-37FD-46B1-BC65-1AFBC1F127FB}.AppStore|x64.Deploy.0 = Release|Any CPU
		{5FC57955-37FD-46B1-BC65-1AFBC1F127FB}.AppStore|x86.ActiveCfg = Release|Any CPU
		{5FC57955-37FD-46B1-BC65-1AFBC1F127FB}.AppStore|x86.Build.0 = Release|Any CPU
		{5FC57955-37FD-46B1-BC65-1AFBC1F127FB}.AppStore|x86.Deploy.0 = Release|Any CPU
		{5FC57955-37FD-46B1-BC65-1AFBC1F127FB}.Debug|Any CPU.ActiveCfg = Debug|Any CPU
		{5FC57955-37FD-46B1-BC65-1AFBC1F127FB}.Debug|Any CPU.Build.0 = Debug|Any CPU
		{5FC57955-37FD-46B1-BC65-1AFBC1F127FB}.Debug|Any CPU.Deploy.0 = Debug|Any CPU
		{5FC57955-37FD-46B1-BC65-1AFBC1F127FB}.Debug|ARM.ActiveCfg = Debug|Any CPU
		{5FC57955-37FD-46B1-BC65-1AFBC1F127FB}.Debug|ARM.Build.0 = Debug|Any CPU
		{5FC57955-37FD-46B1-BC65-1AFBC1F127FB}.Debug|ARM.Deploy.0 = Debug|Any CPU
		{5FC57955-37FD-46B1-BC65-1AFBC1F127FB}.Debug|ARM64.ActiveCfg = Debug|Any CPU
		{5FC57955-37FD-46B1-BC65-1AFBC1F127FB}.Debug|ARM64.Build.0 = Debug|Any CPU
		{5FC57955-37FD-46B1-BC65-1AFBC1F127FB}.Debug|ARM64.Deploy.0 = Debug|Any CPU
		{5FC57955-37FD-46B1-BC65-1AFBC1F127FB}.Debug|iPhone.ActiveCfg = Debug|Any CPU
		{5FC57955-37FD-46B1-BC65-1AFBC1F127FB}.Debug|iPhone.Build.0 = Debug|Any CPU
		{5FC57955-37FD-46B1-BC65-1AFBC1F127FB}.Debug|iPhone.Deploy.0 = Debug|Any CPU
		{5FC57955-37FD-46B1-BC65-1AFBC1F127FB}.Debug|iPhoneSimulator.ActiveCfg = Debug|Any CPU
		{5FC57955-37FD-46B1-BC65-1AFBC1F127FB}.Debug|iPhoneSimulator.Build.0 = Debug|Any CPU
		{5FC57955-37FD-46B1-BC65-1AFBC1F127FB}.Debug|iPhoneSimulator.Deploy.0 = Debug|Any CPU
		{5FC57955-37FD-46B1-BC65-1AFBC1F127FB}.Debug|x64.ActiveCfg = Debug|Any CPU
		{5FC57955-37FD-46B1-BC65-1AFBC1F127FB}.Debug|x64.Build.0 = Debug|Any CPU
		{5FC57955-37FD-46B1-BC65-1AFBC1F127FB}.Debug|x64.Deploy.0 = Debug|Any CPU
		{5FC57955-37FD-46B1-BC65-1AFBC1F127FB}.Debug|x86.ActiveCfg = Debug|Any CPU
		{5FC57955-37FD-46B1-BC65-1AFBC1F127FB}.Debug|x86.Build.0 = Debug|Any CPU
		{5FC57955-37FD-46B1-BC65-1AFBC1F127FB}.Debug|x86.Deploy.0 = Debug|Any CPU
		{5FC57955-37FD-46B1-BC65-1AFBC1F127FB}.Release|Any CPU.ActiveCfg = Release|Any CPU
		{5FC57955-37FD-46B1-BC65-1AFBC1F127FB}.Release|Any CPU.Build.0 = Release|Any CPU
		{5FC57955-37FD-46B1-BC65-1AFBC1F127FB}.Release|Any CPU.Deploy.0 = Release|Any CPU
		{5FC57955-37FD-46B1-BC65-1AFBC1F127FB}.Release|ARM.ActiveCfg = Release|Any CPU
		{5FC57955-37FD-46B1-BC65-1AFBC1F127FB}.Release|ARM.Build.0 = Release|Any CPU
		{5FC57955-37FD-46B1-BC65-1AFBC1F127FB}.Release|ARM.Deploy.0 = Release|Any CPU
		{5FC57955-37FD-46B1-BC65-1AFBC1F127FB}.Release|ARM64.ActiveCfg = Release|Any CPU
		{5FC57955-37FD-46B1-BC65-1AFBC1F127FB}.Release|ARM64.Build.0 = Release|Any CPU
		{5FC57955-37FD-46B1-BC65-1AFBC1F127FB}.Release|ARM64.Deploy.0 = Release|Any CPU
		{5FC57955-37FD-46B1-BC65-1AFBC1F127FB}.Release|iPhone.ActiveCfg = Release|Any CPU
		{5FC57955-37FD-46B1-BC65-1AFBC1F127FB}.Release|iPhone.Build.0 = Release|Any CPU
		{5FC57955-37FD-46B1-BC65-1AFBC1F127FB}.Release|iPhone.Deploy.0 = Release|Any CPU
		{5FC57955-37FD-46B1-BC65-1AFBC1F127FB}.Release|iPhoneSimulator.ActiveCfg = Release|Any CPU
		{5FC57955-37FD-46B1-BC65-1AFBC1F127FB}.Release|iPhoneSimulator.Build.0 = Release|Any CPU
		{5FC57955-37FD-46B1-BC65-1AFBC1F127FB}.Release|iPhoneSimulator.Deploy.0 = Release|Any CPU
		{5FC57955-37FD-46B1-BC65-1AFBC1F127FB}.Release|x64.ActiveCfg = Release|Any CPU
		{5FC57955-37FD-46B1-BC65-1AFBC1F127FB}.Release|x64.Build.0 = Release|Any CPU
		{5FC57955-37FD-46B1-BC65-1AFBC1F127FB}.Release|x64.Deploy.0 = Release|Any CPU
		{5FC57955-37FD-46B1-BC65-1AFBC1F127FB}.Release|x86.ActiveCfg = Release|Any CPU
		{5FC57955-37FD-46B1-BC65-1AFBC1F127FB}.Release|x86.Build.0 = Release|Any CPU
		{5FC57955-37FD-46B1-BC65-1AFBC1F127FB}.Release|x86.Deploy.0 = Release|Any CPU
		{33577C59-4FA0-4D1B-9C25-DBCE1A14A0E4}.Ad-Hoc|Any CPU.ActiveCfg = Ad-Hoc|iPhone
		{33577C59-4FA0-4D1B-9C25-DBCE1A14A0E4}.Ad-Hoc|ARM.ActiveCfg = Ad-Hoc|iPhone
		{33577C59-4FA0-4D1B-9C25-DBCE1A14A0E4}.Ad-Hoc|ARM64.ActiveCfg = Ad-Hoc|iPhone
		{33577C59-4FA0-4D1B-9C25-DBCE1A14A0E4}.Ad-Hoc|iPhone.ActiveCfg = Ad-Hoc|iPhone
		{33577C59-4FA0-4D1B-9C25-DBCE1A14A0E4}.Ad-Hoc|iPhone.Build.0 = Ad-Hoc|iPhone
		{33577C59-4FA0-4D1B-9C25-DBCE1A14A0E4}.Ad-Hoc|iPhoneSimulator.ActiveCfg = Ad-Hoc|iPhoneSimulator
		{33577C59-4FA0-4D1B-9C25-DBCE1A14A0E4}.Ad-Hoc|iPhoneSimulator.Build.0 = Ad-Hoc|iPhoneSimulator
		{33577C59-4FA0-4D1B-9C25-DBCE1A14A0E4}.Ad-Hoc|x64.ActiveCfg = Ad-Hoc|iPhone
		{33577C59-4FA0-4D1B-9C25-DBCE1A14A0E4}.Ad-Hoc|x86.ActiveCfg = Ad-Hoc|iPhone
		{33577C59-4FA0-4D1B-9C25-DBCE1A14A0E4}.AppStore|Any CPU.ActiveCfg = AppStore|iPhone
		{33577C59-4FA0-4D1B-9C25-DBCE1A14A0E4}.AppStore|ARM.ActiveCfg = AppStore|iPhone
		{33577C59-4FA0-4D1B-9C25-DBCE1A14A0E4}.AppStore|ARM64.ActiveCfg = AppStore|iPhone
		{33577C59-4FA0-4D1B-9C25-DBCE1A14A0E4}.AppStore|iPhone.ActiveCfg = AppStore|iPhone
		{33577C59-4FA0-4D1B-9C25-DBCE1A14A0E4}.AppStore|iPhone.Build.0 = AppStore|iPhone
		{33577C59-4FA0-4D1B-9C25-DBCE1A14A0E4}.AppStore|iPhoneSimulator.ActiveCfg = AppStore|iPhoneSimulator
		{33577C59-4FA0-4D1B-9C25-DBCE1A14A0E4}.AppStore|iPhoneSimulator.Build.0 = AppStore|iPhoneSimulator
		{33577C59-4FA0-4D1B-9C25-DBCE1A14A0E4}.AppStore|x64.ActiveCfg = AppStore|iPhone
		{33577C59-4FA0-4D1B-9C25-DBCE1A14A0E4}.AppStore|x86.ActiveCfg = AppStore|iPhone
		{33577C59-4FA0-4D1B-9C25-DBCE1A14A0E4}.Debug|Any CPU.ActiveCfg = Debug|iPhone
		{33577C59-4FA0-4D1B-9C25-DBCE1A14A0E4}.Debug|ARM.ActiveCfg = Debug|iPhone
		{33577C59-4FA0-4D1B-9C25-DBCE1A14A0E4}.Debug|ARM64.ActiveCfg = Debug|iPhone
		{33577C59-4FA0-4D1B-9C25-DBCE1A14A0E4}.Debug|iPhone.ActiveCfg = Debug|iPhone
		{33577C59-4FA0-4D1B-9C25-DBCE1A14A0E4}.Debug|iPhone.Build.0 = Debug|iPhone
		{33577C59-4FA0-4D1B-9C25-DBCE1A14A0E4}.Debug|iPhoneSimulator.ActiveCfg = Debug|iPhoneSimulator
		{33577C59-4FA0-4D1B-9C25-DBCE1A14A0E4}.Debug|iPhoneSimulator.Build.0 = Debug|iPhoneSimulator
		{33577C59-4FA0-4D1B-9C25-DBCE1A14A0E4}.Debug|x64.ActiveCfg = Debug|iPhone
		{33577C59-4FA0-4D1B-9C25-DBCE1A14A0E4}.Debug|x86.ActiveCfg = Debug|iPhone
		{33577C59-4FA0-4D1B-9C25-DBCE1A14A0E4}.Release|Any CPU.ActiveCfg = Release|iPhone
		{33577C59-4FA0-4D1B-9C25-DBCE1A14A0E4}.Release|ARM.ActiveCfg = Release|iPhone
		{33577C59-4FA0-4D1B-9C25-DBCE1A14A0E4}.Release|ARM64.ActiveCfg = Release|iPhone
		{33577C59-4FA0-4D1B-9C25-DBCE1A14A0E4}.Release|iPhone.ActiveCfg = Release|iPhone
		{33577C59-4FA0-4D1B-9C25-DBCE1A14A0E4}.Release|iPhone.Build.0 = Release|iPhone
		{33577C59-4FA0-4D1B-9C25-DBCE1A14A0E4}.Release|iPhoneSimulator.ActiveCfg = Release|iPhoneSimulator
		{33577C59-4FA0-4D1B-9C25-DBCE1A14A0E4}.Release|iPhoneSimulator.Build.0 = Release|iPhoneSimulator
		{33577C59-4FA0-4D1B-9C25-DBCE1A14A0E4}.Release|x64.ActiveCfg = Release|iPhone
		{33577C59-4FA0-4D1B-9C25-DBCE1A14A0E4}.Release|x86.ActiveCfg = Release|iPhone
		{C2C016D0-7EA2-4462-8713-3405A09D901A}.Ad-Hoc|Any CPU.ActiveCfg = Debug|Any CPU
		{C2C016D0-7EA2-4462-8713-3405A09D901A}.Ad-Hoc|Any CPU.Build.0 = Debug|Any CPU
		{C2C016D0-7EA2-4462-8713-3405A09D901A}.Ad-Hoc|ARM.ActiveCfg = Debug|Any CPU
		{C2C016D0-7EA2-4462-8713-3405A09D901A}.Ad-Hoc|ARM.Build.0 = Debug|Any CPU
		{C2C016D0-7EA2-4462-8713-3405A09D901A}.Ad-Hoc|ARM64.ActiveCfg = Debug|Any CPU
		{C2C016D0-7EA2-4462-8713-3405A09D901A}.Ad-Hoc|ARM64.Build.0 = Debug|Any CPU
		{C2C016D0-7EA2-4462-8713-3405A09D901A}.Ad-Hoc|iPhone.ActiveCfg = Debug|Any CPU
		{C2C016D0-7EA2-4462-8713-3405A09D901A}.Ad-Hoc|iPhone.Build.0 = Debug|Any CPU
		{C2C016D0-7EA2-4462-8713-3405A09D901A}.Ad-Hoc|iPhoneSimulator.ActiveCfg = Debug|Any CPU
		{C2C016D0-7EA2-4462-8713-3405A09D901A}.Ad-Hoc|iPhoneSimulator.Build.0 = Debug|Any CPU
		{C2C016D0-7EA2-4462-8713-3405A09D901A}.Ad-Hoc|x64.ActiveCfg = Debug|Any CPU
		{C2C016D0-7EA2-4462-8713-3405A09D901A}.Ad-Hoc|x64.Build.0 = Debug|Any CPU
		{C2C016D0-7EA2-4462-8713-3405A09D901A}.Ad-Hoc|x86.ActiveCfg = Debug|Any CPU
		{C2C016D0-7EA2-4462-8713-3405A09D901A}.Ad-Hoc|x86.Build.0 = Debug|Any CPU
		{C2C016D0-7EA2-4462-8713-3405A09D901A}.AppStore|Any CPU.ActiveCfg = Debug|Any CPU
		{C2C016D0-7EA2-4462-8713-3405A09D901A}.AppStore|Any CPU.Build.0 = Debug|Any CPU
		{C2C016D0-7EA2-4462-8713-3405A09D901A}.AppStore|ARM.ActiveCfg = Debug|Any CPU
		{C2C016D0-7EA2-4462-8713-3405A09D901A}.AppStore|ARM.Build.0 = Debug|Any CPU
		{C2C016D0-7EA2-4462-8713-3405A09D901A}.AppStore|ARM64.ActiveCfg = Debug|Any CPU
		{C2C016D0-7EA2-4462-8713-3405A09D901A}.AppStore|ARM64.Build.0 = Debug|Any CPU
		{C2C016D0-7EA2-4462-8713-3405A09D901A}.AppStore|iPhone.ActiveCfg = Debug|Any CPU
		{C2C016D0-7EA2-4462-8713-3405A09D901A}.AppStore|iPhone.Build.0 = Debug|Any CPU
		{C2C016D0-7EA2-4462-8713-3405A09D901A}.AppStore|iPhoneSimulator.ActiveCfg = Debug|Any CPU
		{C2C016D0-7EA2-4462-8713-3405A09D901A}.AppStore|iPhoneSimulator.Build.0 = Debug|Any CPU
		{C2C016D0-7EA2-4462-8713-3405A09D901A}.AppStore|x64.ActiveCfg = Debug|Any CPU
		{C2C016D0-7EA2-4462-8713-3405A09D901A}.AppStore|x64.Build.0 = Debug|Any CPU
		{C2C016D0-7EA2-4462-8713-3405A09D901A}.AppStore|x86.ActiveCfg = Debug|Any CPU
		{C2C016D0-7EA2-4462-8713-3405A09D901A}.AppStore|x86.Build.0 = Debug|Any CPU
		{C2C016D0-7EA2-4462-8713-3405A09D901A}.Debug|Any CPU.ActiveCfg = Debug|Any CPU
		{C2C016D0-7EA2-4462-8713-3405A09D901A}.Debug|Any CPU.Build.0 = Debug|Any CPU
		{C2C016D0-7EA2-4462-8713-3405A09D901A}.Debug|ARM.ActiveCfg = Debug|Any CPU
		{C2C016D0-7EA2-4462-8713-3405A09D901A}.Debug|ARM.Build.0 = Debug|Any CPU
		{C2C016D0-7EA2-4462-8713-3405A09D901A}.Debug|ARM64.ActiveCfg = Debug|Any CPU
		{C2C016D0-7EA2-4462-8713-3405A09D901A}.Debug|ARM64.Build.0 = Debug|Any CPU
		{C2C016D0-7EA2-4462-8713-3405A09D901A}.Debug|iPhone.ActiveCfg = Debug|Any CPU
		{C2C016D0-7EA2-4462-8713-3405A09D901A}.Debug|iPhone.Build.0 = Debug|Any CPU
		{C2C016D0-7EA2-4462-8713-3405A09D901A}.Debug|iPhoneSimulator.ActiveCfg = Debug|Any CPU
		{C2C016D0-7EA2-4462-8713-3405A09D901A}.Debug|iPhoneSimulator.Build.0 = Debug|Any CPU
		{C2C016D0-7EA2-4462-8713-3405A09D901A}.Debug|x64.ActiveCfg = Debug|Any CPU
		{C2C016D0-7EA2-4462-8713-3405A09D901A}.Debug|x64.Build.0 = Debug|Any CPU
		{C2C016D0-7EA2-4462-8713-3405A09D901A}.Debug|x86.ActiveCfg = Debug|Any CPU
		{C2C016D0-7EA2-4462-8713-3405A09D901A}.Debug|x86.Build.0 = Debug|Any CPU
		{C2C016D0-7EA2-4462-8713-3405A09D901A}.Release|Any CPU.ActiveCfg = Release|Any CPU
		{C2C016D0-7EA2-4462-8713-3405A09D901A}.Release|Any CPU.Build.0 = Release|Any CPU
		{C2C016D0-7EA2-4462-8713-3405A09D901A}.Release|ARM.ActiveCfg = Release|Any CPU
		{C2C016D0-7EA2-4462-8713-3405A09D901A}.Release|ARM.Build.0 = Release|Any CPU
		{C2C016D0-7EA2-4462-8713-3405A09D901A}.Release|ARM64.ActiveCfg = Release|Any CPU
		{C2C016D0-7EA2-4462-8713-3405A09D901A}.Release|ARM64.Build.0 = Release|Any CPU
		{C2C016D0-7EA2-4462-8713-3405A09D901A}.Release|iPhone.ActiveCfg = Release|Any CPU
		{C2C016D0-7EA2-4462-8713-3405A09D901A}.Release|iPhone.Build.0 = Release|Any CPU
		{C2C016D0-7EA2-4462-8713-3405A09D901A}.Release|iPhoneSimulator.ActiveCfg = Release|Any CPU
		{C2C016D0-7EA2-4462-8713-3405A09D901A}.Release|iPhoneSimulator.Build.0 = Release|Any CPU
		{C2C016D0-7EA2-4462-8713-3405A09D901A}.Release|x64.ActiveCfg = Release|Any CPU
		{C2C016D0-7EA2-4462-8713-3405A09D901A}.Release|x64.Build.0 = Release|Any CPU
		{C2C016D0-7EA2-4462-8713-3405A09D901A}.Release|x86.ActiveCfg = Release|Any CPU
		{C2C016D0-7EA2-4462-8713-3405A09D901A}.Release|x86.Build.0 = Release|Any CPU
	EndGlobalSection
	GlobalSection(SolutionProperties) = preSolution
		HideSolutionNode = FALSE
	EndGlobalSection
	GlobalSection(ExtensibilityGlobals) = postSolution
		SolutionGuid = {7F4403AB-47C8-4125-8E65-DC8E07DBDA1E}
	EndGlobalSection
EndGlobal
