
Microsoft Visual Studio Solution File, Format Version 12.00
# Visual Studio Version 16
VisualStudioVersion = 16.0.29521.150
MinimumVisualStudioVersion = 10.0.40219.1
Project("{FAE04EC0-301F-11D3-BF4B-00C04F79EFBC}") = "ClientSideExample", "ClientSideExample\ClientSideExample.csproj", "{4BC51CD2-3B29-4DAC-9A3D-F1CE9CFEADAF}"
EndProject
Global
	GlobalSection(SolutionConfigurationPlatforms) = preSolution
		Debug|Any CPU = Debug|Any CPU
		Release|Any CPU = Release|Any CPU
	EndGlobalSection
	GlobalSection(ProjectConfigurationPlatforms) = postSolution
		{4BC51CD2-3B29-4DAC-9A3D-F1CE9CFEADAF}.Debug|Any CPU.ActiveCfg = Debug|Any CPU
		{4BC51CD2-3B29-4DAC-9A3D-F1CE9CFEADAF}.Debug|Any CPU.Build.0 = Debug|Any CPU
		{4BC51CD2-3B29-4DAC-9A3D-F1CE9CFEADAF}.Release|Any CPU.ActiveCfg = Release|Any CPU
		{4BC51CD2-3B29-4DAC-9A3D-F1CE9CFEADAF}.Release|Any CPU.Build.0 = Release|Any CPU
	EndGlobalSection
	GlobalSection(SolutionProperties) = preSolution
		HideSolutionNode = FALSE
	EndGlobalSection
	GlobalSection(ExtensibilityGlobals) = postSolution
		SolutionGuid = {AF304CDC-C7D3-4F7F-89C7-77EDC97F3788}
	EndGlobalSection
EndGlobal
