
Microsoft Visual Studio Solution File, Format Version 12.00
# Visual Studio Version 17
VisualStudioVersion = 17.8.34309.116
MinimumVisualStudioVersion = 10.0.40219.1
Project("{9A19103F-16F7-4668-BE54-9A1E7A4F7556}") = "ReactiveUI.Samples.Commands", "ReactiveUI.Samples.Commands.csproj", "{2BC563B3-82BB-4669-9F76-0B1D6DA44B55}"
EndProject
Global
	GlobalSection(SolutionConfigurationPlatforms) = preSolution
		Debug|Any CPU = Debug|Any CPU
		Release|Any CPU = Release|Any CPU
	EndGlobalSection
	GlobalSection(ProjectConfigurationPlatforms) = postSolution
		{2BC563B3-82BB-4669-9F76-0B1D6DA44B55}.Debug|Any CPU.ActiveCfg = Debug|Any CPU
		{2BC563B3-82BB-4669-9F76-0B1D6DA44B55}.Debug|Any CPU.Build.0 = Debug|Any CPU
		{2BC563B3-82BB-4669-9F76-0B1D6DA44B55}.Release|Any CPU.ActiveCfg = Release|Any CPU
		{2BC563B3-82BB-4669-9F76-0B1D6DA44B55}.Release|Any CPU.Build.0 = Release|Any CPU
	EndGlobalSection
	GlobalSection(SolutionProperties) = preSolution
		HideSolutionNode = FALSE
	EndGlobalSection
	GlobalSection(ExtensibilityGlobals) = postSolution
		SolutionGuid = {7531093D-A626-4C99-95B5-B940391E851E}
	EndGlobalSection
EndGlobal
