
Microsoft Visual Studio Solution File, Format Version 12.00
# Visual Studio Version 16
VisualStudioVersion = 16.0.29025.244
MinimumVisualStudioVersion = 10.0.40219.1
Project("{2150E333-8FDC-42A3-9474-1A3956D46DE8}") = "Xamarin", "Xamarin", "{2EF3E0D4-9E45-4C3B-9DAD-6A13F5F4A3EE}"
	ProjectSection(SolutionItems) = preProject
		xamarin-forms\MasterDetail\MasterDetail.sln = xamarin-forms\MasterDetail\MasterDetail.sln
	EndProjectSection
EndProject
Project("{9A19103F-16F7-4668-BE54-9A1E7A4F7556}") = "Cinephile", "xamarin-forms\Cinephile\Cinephile\Cinephile.csproj", "{621C1C8B-7F7B-48CB-A0E0-A29D6E1C388F}"
EndProject
Project("{FAE04EC0-301F-11D3-BF4B-00C04F79EFBC}") = "Cinephile.iOS", "xamarin-forms\Cinephile\iOS\Cinephile.iOS.csproj", "{B9144220-0AEF-44C9-B0A0-C4FFF74AE441}"
EndProject
Project("{FAE04EC0-301F-11D3-BF4B-00C04F79EFBC}") = "Cinephile.Droid", "xamarin-forms\Cinephile\Droid\Cinephile.Droid.csproj", "{46576CC2-AEA8-4A41-89C2-7E035413AA8C}"
EndProject
Project("{9A19103F-16F7-4668-BE54-9A1E7A4F7556}") = "Cinephile.Core", "xamarin-forms\Cinephile\Cinephile.Core\Cinephile.Core.csproj", "{3D518760-8A47-4578-9C19-EBA09BCEC6F7}"
EndProject
Project("{2150E333-8FDC-42A3-9474-1A3956D46DE8}") = "Targets", "Targets", "{845A5A21-DE0A-444F-B1CA-0761AF1A35BC}"
EndProject
Project("{9A19103F-16F7-4668-BE54-9A1E7A4F7556}") = "Cinephile.UnitTests", "xamarin-forms\Cinephile\Cinephile.UnitTests\Cinephile.UnitTests.csproj", "{65DFE289-C949-48A5-AD74-6B93E3ECCCE6}"
EndProject
Project("{2150E333-8FDC-42A3-9474-1A3956D46DE8}") = "Tests", "Tests", "{F7F1F417-87A0-41F7-9F14-F46A772BDAF7}"
EndProject
Project("{9A19103F-16F7-4668-BE54-9A1E7A4F7556}") = "Cinephile.ViewModels", "xamarin-forms\Cinephile\Cinephile.ViewModels\Cinephile.ViewModels.csproj", "{42AFC9D3-D010-44B3-85FC-E1AE52F70511}"
EndProject
Project("{2150E333-8FDC-42A3-9474-1A3956D46DE8}") = "Solution Items", "Solution Items", "{8118E82C-715B-4FC6-8F62-C696A9697CBA}"
	ProjectSection(SolutionItems) = preProject
		xamarin-forms\Cinephile\Directory.build.props = xamarin-forms\Cinephile\Directory.build.props
		xamarin-forms\Cinephile\Directory.build.targets = xamarin-forms\Cinephile\Directory.build.targets
		xamarin-forms\Cinephile\global.json = xamarin-forms\Cinephile\global.json
	EndProjectSection
EndProject
Project("{FAE04EC0-301F-11D3-BF4B-00C04F79EFBC}") = "MasterDetail.Android", "xamarin-forms\MasterDetail\Android\MasterDetail.Android.csproj", "{EF7E3BB3-C483-42DA-BBDE-92BDCB593DEF}"
EndProject
Project("{FAE04EC0-301F-11D3-BF4B-00C04F79EFBC}") = "MasterDetail.iOS", "xamarin-forms\MasterDetail\iOS\MasterDetail.iOS.csproj", "{3E13E4F5-58FC-40AD-B664-EED640164A81}"
EndProject
Project("{9A19103F-16F7-4668-BE54-9A1E7A4F7556}") = "MasterDetail", "xamarin-forms\MasterDetail\MasterDetail\MasterDetail.csproj", "{CF80A4A1-D8CF-4B8F-A662-D16C82BC350E}"
EndProject
Global
	GlobalSection(SolutionConfigurationPlatforms) = preSolution
		Ad-Hoc|Any CPU = Ad-Hoc|Any CPU
		Ad-Hoc|iPhone = Ad-Hoc|iPhone
		Ad-Hoc|iPhoneSimulator = Ad-Hoc|iPhoneSimulator
		Ad-Hoc|x64 = Ad-Hoc|x64
		Ad-Hoc|x86 = Ad-Hoc|x86
		AppStore|Any CPU = AppStore|Any CPU
		AppStore|iPhone = AppStore|iPhone
		AppStore|iPhoneSimulator = AppStore|iPhoneSimulator
		AppStore|x64 = AppStore|x64
		AppStore|x86 = AppStore|x86
		Debug|Any CPU = Debug|Any CPU
		Debug|iPhone = Debug|iPhone
		Debug|iPhoneSimulator = Debug|iPhoneSimulator
		Debug|x64 = Debug|x64
		Debug|x86 = Debug|x86
		Release|Any CPU = Release|Any CPU
		Release|iPhone = Release|iPhone
		Release|iPhoneSimulator = Release|iPhoneSimulator
		Release|x64 = Release|x64
		Release|x86 = Release|x86
	EndGlobalSection
	GlobalSection(ProjectConfigurationPlatforms) = postSolution
		{621C1C8B-7F7B-48CB-A0E0-A29D6E1C388F}.Ad-Hoc|Any CPU.ActiveCfg = Release|Any CPU
		{621C1C8B-7F7B-48CB-A0E0-A29D6E1C388F}.Ad-Hoc|Any CPU.Build.0 = Release|Any CPU
		{621C1C8B-7F7B-48CB-A0E0-A29D6E1C388F}.Ad-Hoc|iPhone.ActiveCfg = Release|Any CPU
		{621C1C8B-7F7B-48CB-A0E0-A29D6E1C388F}.Ad-Hoc|iPhone.Build.0 = Release|Any CPU
		{621C1C8B-7F7B-48CB-A0E0-A29D6E1C388F}.Ad-Hoc|iPhoneSimulator.ActiveCfg = Release|Any CPU
		{621C1C8B-7F7B-48CB-A0E0-A29D6E1C388F}.Ad-Hoc|iPhoneSimulator.Build.0 = Release|Any CPU
		{621C1C8B-7F7B-48CB-A0E0-A29D6E1C388F}.Ad-Hoc|x64.ActiveCfg = Release|Any CPU
		{621C1C8B-7F7B-48CB-A0E0-A29D6E1C388F}.Ad-Hoc|x64.Build.0 = Release|Any CPU
		{621C1C8B-7F7B-48CB-A0E0-A29D6E1C388F}.Ad-Hoc|x86.ActiveCfg = Release|Any CPU
		{621C1C8B-7F7B-48CB-A0E0-A29D6E1C388F}.Ad-Hoc|x86.Build.0 = Release|Any CPU
		{621C1C8B-7F7B-48CB-A0E0-A29D6E1C388F}.AppStore|Any CPU.ActiveCfg = Release|Any CPU
		{621C1C8B-7F7B-48CB-A0E0-A29D6E1C388F}.AppStore|Any CPU.Build.0 = Release|Any CPU
		{621C1C8B-7F7B-48CB-A0E0-A29D6E1C388F}.AppStore|iPhone.ActiveCfg = Release|Any CPU
		{621C1C8B-7F7B-48CB-A0E0-A29D6E1C388F}.AppStore|iPhone.Build.0 = Release|Any CPU
		{621C1C8B-7F7B-48CB-A0E0-A29D6E1C388F}.AppStore|iPhoneSimulator.ActiveCfg = Release|Any CPU
		{621C1C8B-7F7B-48CB-A0E0-A29D6E1C388F}.AppStore|iPhoneSimulator.Build.0 = Release|Any CPU
		{621C1C8B-7F7B-48CB-A0E0-A29D6E1C388F}.AppStore|x64.ActiveCfg = Release|Any CPU
		{621C1C8B-7F7B-48CB-A0E0-A29D6E1C388F}.AppStore|x64.Build.0 = Release|Any CPU
		{621C1C8B-7F7B-48CB-A0E0-A29D6E1C388F}.AppStore|x86.ActiveCfg = Release|Any CPU
		{621C1C8B-7F7B-48CB-A0E0-A29D6E1C388F}.AppStore|x86.Build.0 = Release|Any CPU
		{621C1C8B-7F7B-48CB-A0E0-A29D6E1C388F}.Debug|Any CPU.ActiveCfg = Debug|Any CPU
		{621C1C8B-7F7B-48CB-A0E0-A29D6E1C388F}.Debug|Any CPU.Build.0 = Debug|Any CPU
		{621C1C8B-7F7B-48CB-A0E0-A29D6E1C388F}.Debug|iPhone.ActiveCfg = Debug|Any CPU
		{621C1C8B-7F7B-48CB-A0E0-A29D6E1C388F}.Debug|iPhone.Build.0 = Debug|Any CPU
		{621C1C8B-7F7B-48CB-A0E0-A29D6E1C388F}.Debug|iPhoneSimulator.ActiveCfg = Debug|Any CPU
		{621C1C8B-7F7B-48CB-A0E0-A29D6E1C388F}.Debug|iPhoneSimulator.Build.0 = Debug|Any CPU
		{621C1C8B-7F7B-48CB-A0E0-A29D6E1C388F}.Debug|x64.ActiveCfg = Debug|Any CPU
		{621C1C8B-7F7B-48CB-A0E0-A29D6E1C388F}.Debug|x64.Build.0 = Debug|Any CPU
		{621C1C8B-7F7B-48CB-A0E0-A29D6E1C388F}.Debug|x86.ActiveCfg = Debug|Any CPU
		{621C1C8B-7F7B-48CB-A0E0-A29D6E1C388F}.Debug|x86.Build.0 = Debug|Any CPU
		{621C1C8B-7F7B-48CB-A0E0-A29D6E1C388F}.Release|Any CPU.ActiveCfg = Release|Any CPU
		{621C1C8B-7F7B-48CB-A0E0-A29D6E1C388F}.Release|Any CPU.Build.0 = Release|Any CPU
		{621C1C8B-7F7B-48CB-A0E0-A29D6E1C388F}.Release|iPhone.ActiveCfg = Release|Any CPU
		{621C1C8B-7F7B-48CB-A0E0-A29D6E1C388F}.Release|iPhone.Build.0 = Release|Any CPU
		{621C1C8B-7F7B-48CB-A0E0-A29D6E1C388F}.Release|iPhoneSimulator.ActiveCfg = Release|Any CPU
		{621C1C8B-7F7B-48CB-A0E0-A29D6E1C388F}.Release|iPhoneSimulator.Build.0 = Release|Any CPU
		{621C1C8B-7F7B-48CB-A0E0-A29D6E1C388F}.Release|x64.ActiveCfg = Release|Any CPU
		{621C1C8B-7F7B-48CB-A0E0-A29D6E1C388F}.Release|x64.Build.0 = Release|Any CPU
		{621C1C8B-7F7B-48CB-A0E0-A29D6E1C388F}.Release|x86.ActiveCfg = Release|Any CPU
		{621C1C8B-7F7B-48CB-A0E0-A29D6E1C388F}.Release|x86.Build.0 = Release|Any CPU
		{B9144220-0AEF-44C9-B0A0-C4FFF74AE441}.Ad-Hoc|Any CPU.ActiveCfg = Release|iPhoneSimulator
		{B9144220-0AEF-44C9-B0A0-C4FFF74AE441}.Ad-Hoc|Any CPU.Build.0 = Release|iPhoneSimulator
		{B9144220-0AEF-44C9-B0A0-C4FFF74AE441}.Ad-Hoc|iPhone.ActiveCfg = Release|iPhone
		{B9144220-0AEF-44C9-B0A0-C4FFF74AE441}.Ad-Hoc|iPhone.Build.0 = Release|iPhone
		{B9144220-0AEF-44C9-B0A0-C4FFF74AE441}.Ad-Hoc|iPhoneSimulator.ActiveCfg = Release|iPhoneSimulator
		{B9144220-0AEF-44C9-B0A0-C4FFF74AE441}.Ad-Hoc|iPhoneSimulator.Build.0 = Release|iPhoneSimulator
		{B9144220-0AEF-44C9-B0A0-C4FFF74AE441}.Ad-Hoc|x64.ActiveCfg = Release|iPhoneSimulator
		{B9144220-0AEF-44C9-B0A0-C4FFF74AE441}.Ad-Hoc|x64.Build.0 = Release|iPhoneSimulator
		{B9144220-0AEF-44C9-B0A0-C4FFF74AE441}.Ad-Hoc|x86.ActiveCfg = Release|iPhoneSimulator
		{B9144220-0AEF-44C9-B0A0-C4FFF74AE441}.Ad-Hoc|x86.Build.0 = Release|iPhoneSimulator
		{B9144220-0AEF-44C9-B0A0-C4FFF74AE441}.AppStore|Any CPU.ActiveCfg = Release|iPhoneSimulator
		{B9144220-0AEF-44C9-B0A0-C4FFF74AE441}.AppStore|Any CPU.Build.0 = Release|iPhoneSimulator
		{B9144220-0AEF-44C9-B0A0-C4FFF74AE441}.AppStore|iPhone.ActiveCfg = Release|iPhone
		{B9144220-0AEF-44C9-B0A0-C4FFF74AE441}.AppStore|iPhone.Build.0 = Release|iPhone
		{B9144220-0AEF-44C9-B0A0-C4FFF74AE441}.AppStore|iPhoneSimulator.ActiveCfg = Release|iPhoneSimulator
		{B9144220-0AEF-44C9-B0A0-C4FFF74AE441}.AppStore|iPhoneSimulator.Build.0 = Release|iPhoneSimulator
		{B9144220-0AEF-44C9-B0A0-C4FFF74AE441}.AppStore|x64.ActiveCfg = Release|iPhoneSimulator
		{B9144220-0AEF-44C9-B0A0-C4FFF74AE441}.AppStore|x64.Build.0 = Release|iPhoneSimulator
		{B9144220-0AEF-44C9-B0A0-C4FFF74AE441}.AppStore|x86.ActiveCfg = Release|iPhoneSimulator
		{B9144220-0AEF-44C9-B0A0-C4FFF74AE441}.AppStore|x86.Build.0 = Release|iPhoneSimulator
		{B9144220-0AEF-44C9-B0A0-C4FFF74AE441}.Debug|Any CPU.ActiveCfg = Debug|iPhoneSimulator
		{B9144220-0AEF-44C9-B0A0-C4FFF74AE441}.Debug|Any CPU.Build.0 = Debug|iPhoneSimulator
		{B9144220-0AEF-44C9-B0A0-C4FFF74AE441}.Debug|iPhone.ActiveCfg = Debug|iPhone
		{B9144220-0AEF-44C9-B0A0-C4FFF74AE441}.Debug|iPhone.Build.0 = Debug|iPhone
		{B9144220-0AEF-44C9-B0A0-C4FFF74AE441}.Debug|iPhoneSimulator.ActiveCfg = Debug|iPhoneSimulator
		{B9144220-0AEF-44C9-B0A0-C4FFF74AE441}.Debug|iPhoneSimulator.Build.0 = Debug|iPhoneSimulator
		{B9144220-0AEF-44C9-B0A0-C4FFF74AE441}.Debug|x64.ActiveCfg = Debug|iPhone
		{B9144220-0AEF-44C9-B0A0-C4FFF74AE441}.Debug|x86.ActiveCfg = Debug|iPhone
		{B9144220-0AEF-44C9-B0A0-C4FFF74AE441}.Release|Any CPU.ActiveCfg = Release|iPhone
		{B9144220-0AEF-44C9-B0A0-C4FFF74AE441}.Release|iPhone.ActiveCfg = Release|iPhone
		{B9144220-0AEF-44C9-B0A0-C4FFF74AE441}.Release|iPhone.Build.0 = Release|iPhone
		{B9144220-0AEF-44C9-B0A0-C4FFF74AE441}.Release|iPhoneSimulator.ActiveCfg = Release|iPhoneSimulator
		{B9144220-0AEF-44C9-B0A0-C4FFF74AE441}.Release|iPhoneSimulator.Build.0 = Release|iPhoneSimulator
		{B9144220-0AEF-44C9-B0A0-C4FFF74AE441}.Release|x64.ActiveCfg = Release|iPhoneSimulator
		{B9144220-0AEF-44C9-B0A0-C4FFF74AE441}.Release|x86.ActiveCfg = Release|iPhoneSimulator
		{46576CC2-AEA8-4A41-89C2-7E035413AA8C}.Ad-Hoc|Any CPU.ActiveCfg = Release|Any CPU
		{46576CC2-AEA8-4A41-89C2-7E035413AA8C}.Ad-Hoc|Any CPU.Build.0 = Release|Any CPU
		{46576CC2-AEA8-4A41-89C2-7E035413AA8C}.Ad-Hoc|Any CPU.Deploy.0 = Release|Any CPU
		{46576CC2-AEA8-4A41-89C2-7E035413AA8C}.Ad-Hoc|iPhone.ActiveCfg = Release|Any CPU
		{46576CC2-AEA8-4A41-89C2-7E035413AA8C}.Ad-Hoc|iPhone.Build.0 = Release|Any CPU
		{46576CC2-AEA8-4A41-89C2-7E035413AA8C}.Ad-Hoc|iPhone.Deploy.0 = Release|Any CPU
		{46576CC2-AEA8-4A41-89C2-7E035413AA8C}.Ad-Hoc|iPhoneSimulator.ActiveCfg = Release|Any CPU
		{46576CC2-AEA8-4A41-89C2-7E035413AA8C}.Ad-Hoc|iPhoneSimulator.Build.0 = Release|Any CPU
		{46576CC2-AEA8-4A41-89C2-7E035413AA8C}.Ad-Hoc|iPhoneSimulator.Deploy.0 = Release|Any CPU
		{46576CC2-AEA8-4A41-89C2-7E035413AA8C}.Ad-Hoc|x64.ActiveCfg = Release|Any CPU
		{46576CC2-AEA8-4A41-89C2-7E035413AA8C}.Ad-Hoc|x64.Build.0 = Release|Any CPU
		{46576CC2-AEA8-4A41-89C2-7E035413AA8C}.Ad-Hoc|x64.Deploy.0 = Release|Any CPU
		{46576CC2-AEA8-4A41-89C2-7E035413AA8C}.Ad-Hoc|x86.ActiveCfg = Release|Any CPU
		{46576CC2-AEA8-4A41-89C2-7E035413AA8C}.Ad-Hoc|x86.Build.0 = Release|Any CPU
		{46576CC2-AEA8-4A41-89C2-7E035413AA8C}.Ad-Hoc|x86.Deploy.0 = Release|Any CPU
		{46576CC2-AEA8-4A41-89C2-7E035413AA8C}.AppStore|Any CPU.ActiveCfg = Release|Any CPU
		{46576CC2-AEA8-4A41-89C2-7E035413AA8C}.AppStore|Any CPU.Build.0 = Release|Any CPU
		{46576CC2-AEA8-4A41-89C2-7E035413AA8C}.AppStore|Any CPU.Deploy.0 = Release|Any CPU
		{46576CC2-AEA8-4A41-89C2-7E035413AA8C}.AppStore|iPhone.ActiveCfg = Release|Any CPU
		{46576CC2-AEA8-4A41-89C2-7E035413AA8C}.AppStore|iPhone.Build.0 = Release|Any CPU
		{46576CC2-AEA8-4A41-89C2-7E035413AA8C}.AppStore|iPhone.Deploy.0 = Release|Any CPU
		{46576CC2-AEA8-4A41-89C2-7E035413AA8C}.AppStore|iPhoneSimulator.ActiveCfg = Release|Any CPU
		{46576CC2-AEA8-4A41-89C2-7E035413AA8C}.AppStore|iPhoneSimulator.Build.0 = Release|Any CPU
		{46576CC2-AEA8-4A41-89C2-7E035413AA8C}.AppStore|iPhoneSimulator.Deploy.0 = Release|Any CPU
		{46576CC2-AEA8-4A41-89C2-7E035413AA8C}.AppStore|x64.ActiveCfg = Release|Any CPU
		{46576CC2-AEA8-4A41-89C2-7E035413AA8C}.AppStore|x64.Build.0 = Release|Any CPU
		{46576CC2-AEA8-4A41-89C2-7E035413AA8C}.AppStore|x64.Deploy.0 = Release|Any CPU
		{46576CC2-AEA8-4A41-89C2-7E035413AA8C}.AppStore|x86.ActiveCfg = Release|Any CPU
		{46576CC2-AEA8-4A41-89C2-7E035413AA8C}.AppStore|x86.Build.0 = Release|Any CPU
		{46576CC2-AEA8-4A41-89C2-7E035413AA8C}.AppStore|x86.Deploy.0 = Release|Any CPU
		{46576CC2-AEA8-4A41-89C2-7E035413AA8C}.Debug|Any CPU.ActiveCfg = Debug|Any CPU
		{46576CC2-AEA8-4A41-89C2-7E035413AA8C}.Debug|Any CPU.Build.0 = Debug|Any CPU
		{46576CC2-AEA8-4A41-89C2-7E035413AA8C}.Debug|Any CPU.Deploy.0 = Debug|Any CPU
		{46576CC2-AEA8-4A41-89C2-7E035413AA8C}.Debug|iPhone.ActiveCfg = Debug|Any CPU
		{46576CC2-AEA8-4A41-89C2-7E035413AA8C}.Debug|iPhone.Build.0 = Debug|Any CPU
		{46576CC2-AEA8-4A41-89C2-7E035413AA8C}.Debug|iPhoneSimulator.ActiveCfg = Debug|Any CPU
		{46576CC2-AEA8-4A41-89C2-7E035413AA8C}.Debug|iPhoneSimulator.Build.0 = Debug|Any CPU
		{46576CC2-AEA8-4A41-89C2-7E035413AA8C}.Debug|x64.ActiveCfg = Debug|Any CPU
		{46576CC2-AEA8-4A41-89C2-7E035413AA8C}.Debug|x64.Build.0 = Debug|Any CPU
		{46576CC2-AEA8-4A41-89C2-7E035413AA8C}.Debug|x64.Deploy.0 = Debug|Any CPU
		{46576CC2-AEA8-4A41-89C2-7E035413AA8C}.Debug|x86.ActiveCfg = Debug|Any CPU
		{46576CC2-AEA8-4A41-89C2-7E035413AA8C}.Debug|x86.Build.0 = Debug|Any CPU
		{46576CC2-AEA8-4A41-89C2-7E035413AA8C}.Debug|x86.Deploy.0 = Debug|Any CPU
		{46576CC2-AEA8-4A41-89C2-7E035413AA8C}.Release|Any CPU.ActiveCfg = Release|Any CPU
		{46576CC2-AEA8-4A41-89C2-7E035413AA8C}.Release|Any CPU.Build.0 = Release|Any CPU
		{46576CC2-AEA8-4A41-89C2-7E035413AA8C}.Release|iPhone.ActiveCfg = Release|Any CPU
		{46576CC2-AEA8-4A41-89C2-7E035413AA8C}.Release|iPhoneSimulator.ActiveCfg = Release|Any CPU
		{46576CC2-AEA8-4A41-89C2-7E035413AA8C}.Release|iPhoneSimulator.Build.0 = Release|Any CPU
		{46576CC2-AEA8-4A41-89C2-7E035413AA8C}.Release|x64.ActiveCfg = Release|Any CPU
		{46576CC2-AEA8-4A41-89C2-7E035413AA8C}.Release|x64.Build.0 = Release|Any CPU
		{46576CC2-AEA8-4A41-89C2-7E035413AA8C}.Release|x64.Deploy.0 = Release|Any CPU
		{46576CC2-AEA8-4A41-89C2-7E035413AA8C}.Release|x86.ActiveCfg = Release|Any CPU
		{46576CC2-AEA8-4A41-89C2-7E035413AA8C}.Release|x86.Build.0 = Release|Any CPU
		{46576CC2-AEA8-4A41-89C2-7E035413AA8C}.Release|x86.Deploy.0 = Release|Any CPU
		{3D518760-8A47-4578-9C19-EBA09BCEC6F7}.Ad-Hoc|Any CPU.ActiveCfg = Release|Any CPU
		{3D518760-8A47-4578-9C19-EBA09BCEC6F7}.Ad-Hoc|Any CPU.Build.0 = Release|Any CPU
		{3D518760-8A47-4578-9C19-EBA09BCEC6F7}.Ad-Hoc|iPhone.ActiveCfg = Release|Any CPU
		{3D518760-8A47-4578-9C19-EBA09BCEC6F7}.Ad-Hoc|iPhone.Build.0 = Release|Any CPU
		{3D518760-8A47-4578-9C19-EBA09BCEC6F7}.Ad-Hoc|iPhoneSimulator.ActiveCfg = Release|Any CPU
		{3D518760-8A47-4578-9C19-EBA09BCEC6F7}.Ad-Hoc|iPhoneSimulator.Build.0 = Release|Any CPU
		{3D518760-8A47-4578-9C19-EBA09BCEC6F7}.Ad-Hoc|x64.ActiveCfg = Release|Any CPU
		{3D518760-8A47-4578-9C19-EBA09BCEC6F7}.Ad-Hoc|x64.Build.0 = Release|Any CPU
		{3D518760-8A47-4578-9C19-EBA09BCEC6F7}.Ad-Hoc|x86.ActiveCfg = Release|Any CPU
		{3D518760-8A47-4578-9C19-EBA09BCEC6F7}.Ad-Hoc|x86.Build.0 = Release|Any CPU
		{3D518760-8A47-4578-9C19-EBA09BCEC6F7}.AppStore|Any CPU.ActiveCfg = Release|Any CPU
		{3D518760-8A47-4578-9C19-EBA09BCEC6F7}.AppStore|Any CPU.Build.0 = Release|Any CPU
		{3D518760-8A47-4578-9C19-EBA09BCEC6F7}.AppStore|iPhone.ActiveCfg = Release|Any CPU
		{3D518760-8A47-4578-9C19-EBA09BCEC6F7}.AppStore|iPhone.Build.0 = Release|Any CPU
		{3D518760-8A47-4578-9C19-EBA09BCEC6F7}.AppStore|iPhoneSimulator.ActiveCfg = Release|Any CPU
		{3D518760-8A47-4578-9C19-EBA09BCEC6F7}.AppStore|iPhoneSimulator.Build.0 = Release|Any CPU
		{3D518760-8A47-4578-9C19-EBA09BCEC6F7}.AppStore|x64.ActiveCfg = Release|Any CPU
		{3D518760-8A47-4578-9C19-EBA09BCEC6F7}.AppStore|x64.Build.0 = Release|Any CPU
		{3D518760-8A47-4578-9C19-EBA09BCEC6F7}.AppStore|x86.ActiveCfg = Release|Any CPU
		{3D518760-8A47-4578-9C19-EBA09BCEC6F7}.AppStore|x86.Build.0 = Release|Any CPU
		{3D518760-8A47-4578-9C19-EBA09BCEC6F7}.Debug|Any CPU.ActiveCfg = Debug|Any CPU
		{3D518760-8A47-4578-9C19-EBA09BCEC6F7}.Debug|Any CPU.Build.0 = Debug|Any CPU
		{3D518760-8A47-4578-9C19-EBA09BCEC6F7}.Debug|iPhone.ActiveCfg = Debug|Any CPU
		{3D518760-8A47-4578-9C19-EBA09BCEC6F7}.Debug|iPhone.Build.0 = Debug|Any CPU
		{3D518760-8A47-4578-9C19-EBA09BCEC6F7}.Debug|iPhoneSimulator.ActiveCfg = Debug|Any CPU
		{3D518760-8A47-4578-9C19-EBA09BCEC6F7}.Debug|iPhoneSimulator.Build.0 = Debug|Any CPU
		{3D518760-8A47-4578-9C19-EBA09BCEC6F7}.Debug|x64.ActiveCfg = Debug|Any CPU
		{3D518760-8A47-4578-9C19-EBA09BCEC6F7}.Debug|x64.Build.0 = Debug|Any CPU
		{3D518760-8A47-4578-9C19-EBA09BCEC6F7}.Debug|x86.ActiveCfg = Debug|Any CPU
		{3D518760-8A47-4578-9C19-EBA09BCEC6F7}.Debug|x86.Build.0 = Debug|Any CPU
		{3D518760-8A47-4578-9C19-EBA09BCEC6F7}.Release|Any CPU.ActiveCfg = Release|Any CPU
		{3D518760-8A47-4578-9C19-EBA09BCEC6F7}.Release|Any CPU.Build.0 = Release|Any CPU
		{3D518760-8A47-4578-9C19-EBA09BCEC6F7}.Release|iPhone.ActiveCfg = Release|Any CPU
		{3D518760-8A47-4578-9C19-EBA09BCEC6F7}.Release|iPhone.Build.0 = Release|Any CPU
		{3D518760-8A47-4578-9C19-EBA09BCEC6F7}.Release|iPhoneSimulator.ActiveCfg = Release|Any CPU
		{3D518760-8A47-4578-9C19-EBA09BCEC6F7}.Release|iPhoneSimulator.Build.0 = Release|Any CPU
		{3D518760-8A47-4578-9C19-EBA09BCEC6F7}.Release|x64.ActiveCfg = Release|Any CPU
		{3D518760-8A47-4578-9C19-EBA09BCEC6F7}.Release|x64.Build.0 = Release|Any CPU
		{3D518760-8A47-4578-9C19-EBA09BCEC6F7}.Release|x86.ActiveCfg = Release|Any CPU
		{3D518760-8A47-4578-9C19-EBA09BCEC6F7}.Release|x86.Build.0 = Release|Any CPU
		{65DFE289-C949-48A5-AD74-6B93E3ECCCE6}.Ad-Hoc|Any CPU.ActiveCfg = Release|Any CPU
		{65DFE289-C949-48A5-AD74-6B93E3ECCCE6}.Ad-Hoc|Any CPU.Build.0 = Release|Any CPU
		{65DFE289-C949-48A5-AD74-6B93E3ECCCE6}.Ad-Hoc|iPhone.ActiveCfg = Release|Any CPU
		{65DFE289-C949-48A5-AD74-6B93E3ECCCE6}.Ad-Hoc|iPhone.Build.0 = Release|Any CPU
		{65DFE289-C949-48A5-AD74-6B93E3ECCCE6}.Ad-Hoc|iPhoneSimulator.ActiveCfg = Release|Any CPU
		{65DFE289-C949-48A5-AD74-6B93E3ECCCE6}.Ad-Hoc|iPhoneSimulator.Build.0 = Release|Any CPU
		{65DFE289-C949-48A5-AD74-6B93E3ECCCE6}.Ad-Hoc|x64.ActiveCfg = Release|Any CPU
		{65DFE289-C949-48A5-AD74-6B93E3ECCCE6}.Ad-Hoc|x64.Build.0 = Release|Any CPU
		{65DFE289-C949-48A5-AD74-6B93E3ECCCE6}.Ad-Hoc|x86.ActiveCfg = Release|Any CPU
		{65DFE289-C949-48A5-AD74-6B93E3ECCCE6}.Ad-Hoc|x86.Build.0 = Release|Any CPU
		{65DFE289-C949-48A5-AD74-6B93E3ECCCE6}.AppStore|Any CPU.ActiveCfg = Release|Any CPU
		{65DFE289-C949-48A5-AD74-6B93E3ECCCE6}.AppStore|Any CPU.Build.0 = Release|Any CPU
		{65DFE289-C949-48A5-AD74-6B93E3ECCCE6}.AppStore|iPhone.ActiveCfg = Release|Any CPU
		{65DFE289-C949-48A5-AD74-6B93E3ECCCE6}.AppStore|iPhone.Build.0 = Release|Any CPU
		{65DFE289-C949-48A5-AD74-6B93E3ECCCE6}.AppStore|iPhoneSimulator.ActiveCfg = Release|Any CPU
		{65DFE289-C949-48A5-AD74-6B93E3ECCCE6}.AppStore|iPhoneSimulator.Build.0 = Release|Any CPU
		{65DFE289-C949-48A5-AD74-6B93E3ECCCE6}.AppStore|x64.ActiveCfg = Release|Any CPU
		{65DFE289-C949-48A5-AD74-6B93E3ECCCE6}.AppStore|x64.Build.0 = Release|Any CPU
		{65DFE289-C949-48A5-AD74-6B93E3ECCCE6}.AppStore|x86.ActiveCfg = Release|Any CPU
		{65DFE289-C949-48A5-AD74-6B93E3ECCCE6}.AppStore|x86.Build.0 = Release|Any CPU
		{65DFE289-C949-48A5-AD74-6B93E3ECCCE6}.Debug|Any CPU.ActiveCfg = Debug|Any CPU
		{65DFE289-C949-48A5-AD74-6B93E3ECCCE6}.Debug|Any CPU.Build.0 = Debug|Any CPU
		{65DFE289-C949-48A5-AD74-6B93E3ECCCE6}.Debug|iPhone.ActiveCfg = Debug|Any CPU
		{65DFE289-C949-48A5-AD74-6B93E3ECCCE6}.Debug|iPhone.Build.0 = Debug|Any CPU
		{65DFE289-C949-48A5-AD74-6B93E3ECCCE6}.Debug|iPhoneSimulator.ActiveCfg = Debug|Any CPU
		{65DFE289-C949-48A5-AD74-6B93E3ECCCE6}.Debug|iPhoneSimulator.Build.0 = Debug|Any CPU
		{65DFE289-C949-48A5-AD74-6B93E3ECCCE6}.Debug|x64.ActiveCfg = Debug|Any CPU
		{65DFE289-C949-48A5-AD74-6B93E3ECCCE6}.Debug|x64.Build.0 = Debug|Any CPU
		{65DFE289-C949-48A5-AD74-6B93E3ECCCE6}.Debug|x86.ActiveCfg = Debug|Any CPU
		{65DFE289-C949-48A5-AD74-6B93E3ECCCE6}.Debug|x86.Build.0 = Debug|Any CPU
		{65DFE289-C949-48A5-AD74-6B93E3ECCCE6}.Release|Any CPU.ActiveCfg = Release|Any CPU
		{65DFE289-C949-48A5-AD74-6B93E3ECCCE6}.Release|iPhone.ActiveCfg = Release|Any CPU
		{65DFE289-C949-48A5-AD74-6B93E3ECCCE6}.Release|iPhoneSimulator.ActiveCfg = Release|Any CPU
		{65DFE289-C949-48A5-AD74-6B93E3ECCCE6}.Release|iPhoneSimulator.Build.0 = Release|Any CPU
		{65DFE289-C949-48A5-AD74-6B93E3ECCCE6}.Release|x64.ActiveCfg = Release|Any CPU
		{65DFE289-C949-48A5-AD74-6B93E3ECCCE6}.Release|x64.Build.0 = Release|Any CPU
		{65DFE289-C949-48A5-AD74-6B93E3ECCCE6}.Release|x86.ActiveCfg = Release|Any CPU
		{65DFE289-C949-48A5-AD74-6B93E3ECCCE6}.Release|x86.Build.0 = Release|Any CPU
		{42AFC9D3-D010-44B3-85FC-E1AE52F70511}.Ad-Hoc|Any CPU.ActiveCfg = Release|Any CPU
		{42AFC9D3-D010-44B3-85FC-E1AE52F70511}.Ad-Hoc|Any CPU.Build.0 = Release|Any CPU
		{42AFC9D3-D010-44B3-85FC-E1AE52F70511}.Ad-Hoc|iPhone.ActiveCfg = Release|Any CPU
		{42AFC9D3-D010-44B3-85FC-E1AE52F70511}.Ad-Hoc|iPhone.Build.0 = Release|Any CPU
		{42AFC9D3-D010-44B3-85FC-E1AE52F70511}.Ad-Hoc|iPhoneSimulator.ActiveCfg = Release|Any CPU
		{42AFC9D3-D010-44B3-85FC-E1AE52F70511}.Ad-Hoc|iPhoneSimulator.Build.0 = Release|Any CPU
		{42AFC9D3-D010-44B3-85FC-E1AE52F70511}.Ad-Hoc|x64.ActiveCfg = Release|Any CPU
		{42AFC9D3-D010-44B3-85FC-E1AE52F70511}.Ad-Hoc|x64.Build.0 = Release|Any CPU
		{42AFC9D3-D010-44B3-85FC-E1AE52F70511}.Ad-Hoc|x86.ActiveCfg = Release|Any CPU
		{42AFC9D3-D010-44B3-85FC-E1AE52F70511}.Ad-Hoc|x86.Build.0 = Release|Any CPU
		{42AFC9D3-D010-44B3-85FC-E1AE52F70511}.AppStore|Any CPU.ActiveCfg = Release|Any CPU
		{42AFC9D3-D010-44B3-85FC-E1AE52F70511}.AppStore|Any CPU.Build.0 = Release|Any CPU
		{42AFC9D3-D010-44B3-85FC-E1AE52F70511}.AppStore|iPhone.ActiveCfg = Release|Any CPU
		{42AFC9D3-D010-44B3-85FC-E1AE52F70511}.AppStore|iPhone.Build.0 = Release|Any CPU
		{42AFC9D3-D010-44B3-85FC-E1AE52F70511}.AppStore|iPhoneSimulator.ActiveCfg = Release|Any CPU
		{42AFC9D3-D010-44B3-85FC-E1AE52F70511}.AppStore|iPhoneSimulator.Build.0 = Release|Any CPU
		{42AFC9D3-D010-44B3-85FC-E1AE52F70511}.AppStore|x64.ActiveCfg = Release|Any CPU
		{42AFC9D3-D010-44B3-85FC-E1AE52F70511}.AppStore|x64.Build.0 = Release|Any CPU
		{42AFC9D3-D010-44B3-85FC-E1AE52F70511}.AppStore|x86.ActiveCfg = Release|Any CPU
		{42AFC9D3-D010-44B3-85FC-E1AE52F70511}.AppStore|x86.Build.0 = Release|Any CPU
		{42AFC9D3-D010-44B3-85FC-E1AE52F70511}.Debug|Any CPU.ActiveCfg = Debug|Any CPU
		{42AFC9D3-D010-44B3-85FC-E1AE52F70511}.Debug|Any CPU.Build.0 = Debug|Any CPU
		{42AFC9D3-D010-44B3-85FC-E1AE52F70511}.Debug|iPhone.ActiveCfg = Debug|Any CPU
		{42AFC9D3-D010-44B3-85FC-E1AE52F70511}.Debug|iPhone.Build.0 = Debug|Any CPU
		{42AFC9D3-D010-44B3-85FC-E1AE52F70511}.Debug|iPhoneSimulator.ActiveCfg = Debug|Any CPU
		{42AFC9D3-D010-44B3-85FC-E1AE52F70511}.Debug|iPhoneSimulator.Build.0 = Debug|Any CPU
		{42AFC9D3-D010-44B3-85FC-E1AE52F70511}.Debug|x64.ActiveCfg = Debug|Any CPU
		{42AFC9D3-D010-44B3-85FC-E1AE52F70511}.Debug|x64.Build.0 = Debug|Any CPU
		{42AFC9D3-D010-44B3-85FC-E1AE52F70511}.Debug|x86.ActiveCfg = Debug|Any CPU
		{42AFC9D3-D010-44B3-85FC-E1AE52F70511}.Debug|x86.Build.0 = Debug|Any CPU
		{42AFC9D3-D010-44B3-85FC-E1AE52F70511}.Release|Any CPU.ActiveCfg = Release|Any CPU
		{42AFC9D3-D010-44B3-85FC-E1AE52F70511}.Release|Any CPU.Build.0 = Release|Any CPU
		{42AFC9D3-D010-44B3-85FC-E1AE52F70511}.Release|iPhone.ActiveCfg = Release|Any CPU
		{42AFC9D3-D010-44B3-85FC-E1AE52F70511}.Release|iPhone.Build.0 = Release|Any CPU
		{42AFC9D3-D010-44B3-85FC-E1AE52F70511}.Release|iPhoneSimulator.ActiveCfg = Release|Any CPU
		{42AFC9D3-D010-44B3-85FC-E1AE52F70511}.Release|iPhoneSimulator.Build.0 = Release|Any CPU
		{42AFC9D3-D010-44B3-85FC-E1AE52F70511}.Release|x64.ActiveCfg = Release|Any CPU
		{42AFC9D3-D010-44B3-85FC-E1AE52F70511}.Release|x64.Build.0 = Release|Any CPU
		{42AFC9D3-D010-44B3-85FC-E1AE52F70511}.Release|x86.ActiveCfg = Release|Any CPU
		{42AFC9D3-D010-44B3-85FC-E1AE52F70511}.Release|x86.Build.0 = Release|Any CPU
		{EF7E3BB3-C483-42DA-BBDE-92BDCB593DEF}.Ad-Hoc|Any CPU.ActiveCfg = Release|Any CPU
		{EF7E3BB3-C483-42DA-BBDE-92BDCB593DEF}.Ad-Hoc|Any CPU.Build.0 = Release|Any CPU
		{EF7E3BB3-C483-42DA-BBDE-92BDCB593DEF}.Ad-Hoc|Any CPU.Deploy.0 = Release|Any CPU
		{EF7E3BB3-C483-42DA-BBDE-92BDCB593DEF}.Ad-Hoc|iPhone.ActiveCfg = Release|Any CPU
		{EF7E3BB3-C483-42DA-BBDE-92BDCB593DEF}.Ad-Hoc|iPhone.Build.0 = Release|Any CPU
		{EF7E3BB3-C483-42DA-BBDE-92BDCB593DEF}.Ad-Hoc|iPhone.Deploy.0 = Release|Any CPU
		{EF7E3BB3-C483-42DA-BBDE-92BDCB593DEF}.Ad-Hoc|iPhoneSimulator.ActiveCfg = Release|Any CPU
		{EF7E3BB3-C483-42DA-BBDE-92BDCB593DEF}.Ad-Hoc|iPhoneSimulator.Build.0 = Release|Any CPU
		{EF7E3BB3-C483-42DA-BBDE-92BDCB593DEF}.Ad-Hoc|iPhoneSimulator.Deploy.0 = Release|Any CPU
		{EF7E3BB3-C483-42DA-BBDE-92BDCB593DEF}.Ad-Hoc|x64.ActiveCfg = Debug|Any CPU
		{EF7E3BB3-C483-42DA-BBDE-92BDCB593DEF}.Ad-Hoc|x64.Build.0 = Debug|Any CPU
		{EF7E3BB3-C483-42DA-BBDE-92BDCB593DEF}.Ad-Hoc|x64.Deploy.0 = Debug|Any CPU
		{EF7E3BB3-C483-42DA-BBDE-92BDCB593DEF}.Ad-Hoc|x86.ActiveCfg = Debug|Any CPU
		{EF7E3BB3-C483-42DA-BBDE-92BDCB593DEF}.Ad-Hoc|x86.Build.0 = Debug|Any CPU
		{EF7E3BB3-C483-42DA-BBDE-92BDCB593DEF}.Ad-Hoc|x86.Deploy.0 = Debug|Any CPU
		{EF7E3BB3-C483-42DA-BBDE-92BDCB593DEF}.AppStore|Any CPU.ActiveCfg = Release|Any CPU
		{EF7E3BB3-C483-42DA-BBDE-92BDCB593DEF}.AppStore|Any CPU.Build.0 = Release|Any CPU
		{EF7E3BB3-C483-42DA-BBDE-92BDCB593DEF}.AppStore|Any CPU.Deploy.0 = Release|Any CPU
		{EF7E3BB3-C483-42DA-BBDE-92BDCB593DEF}.AppStore|iPhone.ActiveCfg = Release|Any CPU
		{EF7E3BB3-C483-42DA-BBDE-92BDCB593DEF}.AppStore|iPhone.Build.0 = Release|Any CPU
		{EF7E3BB3-C483-42DA-BBDE-92BDCB593DEF}.AppStore|iPhone.Deploy.0 = Release|Any CPU
		{EF7E3BB3-C483-42DA-BBDE-92BDCB593DEF}.AppStore|iPhoneSimulator.ActiveCfg = Release|Any CPU
		{EF7E3BB3-C483-42DA-BBDE-92BDCB593DEF}.AppStore|iPhoneSimulator.Build.0 = Release|Any CPU
		{EF7E3BB3-C483-42DA-BBDE-92BDCB593DEF}.AppStore|iPhoneSimulator.Deploy.0 = Release|Any CPU
		{EF7E3BB3-C483-42DA-BBDE-92BDCB593DEF}.AppStore|x64.ActiveCfg = Debug|Any CPU
		{EF7E3BB3-C483-42DA-BBDE-92BDCB593DEF}.AppStore|x64.Build.0 = Debug|Any CPU
		{EF7E3BB3-C483-42DA-BBDE-92BDCB593DEF}.AppStore|x64.Deploy.0 = Debug|Any CPU
		{EF7E3BB3-C483-42DA-BBDE-92BDCB593DEF}.AppStore|x86.ActiveCfg = Debug|Any CPU
		{EF7E3BB3-C483-42DA-BBDE-92BDCB593DEF}.AppStore|x86.Build.0 = Debug|Any CPU
		{EF7E3BB3-C483-42DA-BBDE-92BDCB593DEF}.AppStore|x86.Deploy.0 = Debug|Any CPU
		{EF7E3BB3-C483-42DA-BBDE-92BDCB593DEF}.Debug|Any CPU.ActiveCfg = Debug|Any CPU
		{EF7E3BB3-C483-42DA-BBDE-92BDCB593DEF}.Debug|Any CPU.Build.0 = Debug|Any CPU
		{EF7E3BB3-C483-42DA-BBDE-92BDCB593DEF}.Debug|Any CPU.Deploy.0 = Debug|Any CPU
		{EF7E3BB3-C483-42DA-BBDE-92BDCB593DEF}.Debug|iPhone.ActiveCfg = Debug|Any CPU
		{EF7E3BB3-C483-42DA-BBDE-92BDCB593DEF}.Debug|iPhone.Build.0 = Debug|Any CPU
		{EF7E3BB3-C483-42DA-BBDE-92BDCB593DEF}.Debug|iPhone.Deploy.0 = Debug|Any CPU
		{EF7E3BB3-C483-42DA-BBDE-92BDCB593DEF}.Debug|iPhoneSimulator.ActiveCfg = Debug|Any CPU
		{EF7E3BB3-C483-42DA-BBDE-92BDCB593DEF}.Debug|iPhoneSimulator.Build.0 = Debug|Any CPU
		{EF7E3BB3-C483-42DA-BBDE-92BDCB593DEF}.Debug|iPhoneSimulator.Deploy.0 = Debug|Any CPU
		{EF7E3BB3-C483-42DA-BBDE-92BDCB593DEF}.Debug|x64.ActiveCfg = Debug|Any CPU
		{EF7E3BB3-C483-42DA-BBDE-92BDCB593DEF}.Debug|x64.Build.0 = Debug|Any CPU
		{EF7E3BB3-C483-42DA-BBDE-92BDCB593DEF}.Debug|x64.Deploy.0 = Debug|Any CPU
		{EF7E3BB3-C483-42DA-BBDE-92BDCB593DEF}.Debug|x86.ActiveCfg = Debug|Any CPU
		{EF7E3BB3-C483-42DA-BBDE-92BDCB593DEF}.Debug|x86.Build.0 = Debug|Any CPU
		{EF7E3BB3-C483-42DA-BBDE-92BDCB593DEF}.Debug|x86.Deploy.0 = Debug|Any CPU
		{EF7E3BB3-C483-42DA-BBDE-92BDCB593DEF}.Release|Any CPU.ActiveCfg = Release|Any CPU
		{EF7E3BB3-C483-42DA-BBDE-92BDCB593DEF}.Release|Any CPU.Build.0 = Release|Any CPU
		{EF7E3BB3-C483-42DA-BBDE-92BDCB593DEF}.Release|Any CPU.Deploy.0 = Release|Any CPU
		{EF7E3BB3-C483-42DA-BBDE-92BDCB593DEF}.Release|iPhone.ActiveCfg = Release|Any CPU
		{EF7E3BB3-C483-42DA-BBDE-92BDCB593DEF}.Release|iPhone.Build.0 = Release|Any CPU
		{EF7E3BB3-C483-42DA-BBDE-92BDCB593DEF}.Release|iPhone.Deploy.0 = Release|Any CPU
		{EF7E3BB3-C483-42DA-BBDE-92BDCB593DEF}.Release|iPhoneSimulator.ActiveCfg = Release|Any CPU
		{EF7E3BB3-C483-42DA-BBDE-92BDCB593DEF}.Release|iPhoneSimulator.Build.0 = Release|Any CPU
		{EF7E3BB3-C483-42DA-BBDE-92BDCB593DEF}.Release|iPhoneSimulator.Deploy.0 = Release|Any CPU
		{EF7E3BB3-C483-42DA-BBDE-92BDCB593DEF}.Release|x64.ActiveCfg = Release|Any CPU
		{EF7E3BB3-C483-42DA-BBDE-92BDCB593DEF}.Release|x64.Build.0 = Release|Any CPU
		{EF7E3BB3-C483-42DA-BBDE-92BDCB593DEF}.Release|x64.Deploy.0 = Release|Any CPU
		{EF7E3BB3-C483-42DA-BBDE-92BDCB593DEF}.Release|x86.ActiveCfg = Release|Any CPU
		{EF7E3BB3-C483-42DA-BBDE-92BDCB593DEF}.Release|x86.Build.0 = Release|Any CPU
		{EF7E3BB3-C483-42DA-BBDE-92BDCB593DEF}.Release|x86.Deploy.0 = Release|Any CPU
		{3E13E4F5-58FC-40AD-B664-EED640164A81}.Ad-Hoc|Any CPU.ActiveCfg = Ad-Hoc|iPhone
		{3E13E4F5-58FC-40AD-B664-EED640164A81}.Ad-Hoc|Any CPU.Build.0 = Ad-Hoc|iPhone
		{3E13E4F5-58FC-40AD-B664-EED640164A81}.Ad-Hoc|Any CPU.Deploy.0 = Ad-Hoc|iPhone
		{3E13E4F5-58FC-40AD-B664-EED640164A81}.Ad-Hoc|iPhone.ActiveCfg = Ad-Hoc|iPhone
		{3E13E4F5-58FC-40AD-B664-EED640164A81}.Ad-Hoc|iPhone.Build.0 = Ad-Hoc|iPhone
		{3E13E4F5-58FC-40AD-B664-EED640164A81}.Ad-Hoc|iPhone.Deploy.0 = Ad-Hoc|iPhone
		{3E13E4F5-58FC-40AD-B664-EED640164A81}.Ad-Hoc|iPhoneSimulator.ActiveCfg = Ad-Hoc|iPhoneSimulator
		{3E13E4F5-58FC-40AD-B664-EED640164A81}.Ad-Hoc|iPhoneSimulator.Build.0 = Ad-Hoc|iPhoneSimulator
		{3E13E4F5-58FC-40AD-B664-EED640164A81}.Ad-Hoc|iPhoneSimulator.Deploy.0 = Ad-Hoc|iPhoneSimulator
		{3E13E4F5-58FC-40AD-B664-EED640164A81}.Ad-Hoc|x64.ActiveCfg = Ad-Hoc|iPhoneSimulator
		{3E13E4F5-58FC-40AD-B664-EED640164A81}.Ad-Hoc|x86.ActiveCfg = Ad-Hoc|iPhoneSimulator
		{3E13E4F5-58FC-40AD-B664-EED640164A81}.AppStore|Any CPU.ActiveCfg = AppStore|iPhone
		{3E13E4F5-58FC-40AD-B664-EED640164A81}.AppStore|Any CPU.Build.0 = AppStore|iPhone
		{3E13E4F5-58FC-40AD-B664-EED640164A81}.AppStore|Any CPU.Deploy.0 = AppStore|iPhone
		{3E13E4F5-58FC-40AD-B664-EED640164A81}.AppStore|iPhone.ActiveCfg = AppStore|iPhone
		{3E13E4F5-58FC-40AD-B664-EED640164A81}.AppStore|iPhone.Build.0 = AppStore|iPhone
		{3E13E4F5-58FC-40AD-B664-EED640164A81}.AppStore|iPhone.Deploy.0 = AppStore|iPhone
		{3E13E4F5-58FC-40AD-B664-EED640164A81}.AppStore|iPhoneSimulator.ActiveCfg = AppStore|iPhoneSimulator
		{3E13E4F5-58FC-40AD-B664-EED640164A81}.AppStore|iPhoneSimulator.Build.0 = AppStore|iPhoneSimulator
		{3E13E4F5-58FC-40AD-B664-EED640164A81}.AppStore|iPhoneSimulator.Deploy.0 = AppStore|iPhoneSimulator
		{3E13E4F5-58FC-40AD-B664-EED640164A81}.AppStore|x64.ActiveCfg = AppStore|iPhoneSimulator
		{3E13E4F5-58FC-40AD-B664-EED640164A81}.AppStore|x86.ActiveCfg = AppStore|iPhoneSimulator
		{3E13E4F5-58FC-40AD-B664-EED640164A81}.Debug|Any CPU.ActiveCfg = Debug|iPhoneSimulator
		{3E13E4F5-58FC-40AD-B664-EED640164A81}.Debug|Any CPU.Build.0 = Debug|iPhoneSimulator
		{3E13E4F5-58FC-40AD-B664-EED640164A81}.Debug|Any CPU.Deploy.0 = Debug|iPhoneSimulator
		{3E13E4F5-58FC-40AD-B664-EED640164A81}.Debug|iPhone.ActiveCfg = Debug|iPhone
		{3E13E4F5-58FC-40AD-B664-EED640164A81}.Debug|iPhone.Build.0 = Debug|iPhone
		{3E13E4F5-58FC-40AD-B664-EED640164A81}.Debug|iPhone.Deploy.0 = Debug|iPhone
		{3E13E4F5-58FC-40AD-B664-EED640164A81}.Debug|iPhoneSimulator.ActiveCfg = Debug|iPhoneSimulator
		{3E13E4F5-58FC-40AD-B664-EED640164A81}.Debug|iPhoneSimulator.Build.0 = Debug|iPhoneSimulator
		{3E13E4F5-58FC-40AD-B664-EED640164A81}.Debug|iPhoneSimulator.Deploy.0 = Debug|iPhoneSimulator
		{3E13E4F5-58FC-40AD-B664-EED640164A81}.Debug|x64.ActiveCfg = Debug|iPhone
		{3E13E4F5-58FC-40AD-B664-EED640164A81}.Debug|x86.ActiveCfg = Debug|iPhone
		{3E13E4F5-58FC-40AD-B664-EED640164A81}.Release|Any CPU.ActiveCfg = Release|iPhone
		{3E13E4F5-58FC-40AD-B664-EED640164A81}.Release|Any CPU.Build.0 = Release|iPhone
		{3E13E4F5-58FC-40AD-B664-EED640164A81}.Release|Any CPU.Deploy.0 = Release|iPhone
		{3E13E4F5-58FC-40AD-B664-EED640164A81}.Release|iPhone.ActiveCfg = Release|iPhone
		{3E13E4F5-58FC-40AD-B664-EED640164A81}.Release|iPhone.Build.0 = Release|iPhone
		{3E13E4F5-58FC-40AD-B664-EED640164A81}.Release|iPhone.Deploy.0 = Release|iPhone
		{3E13E4F5-58FC-40AD-B664-EED640164A81}.Release|iPhoneSimulator.ActiveCfg = Release|iPhoneSimulator
		{3E13E4F5-58FC-40AD-B664-EED640164A81}.Release|iPhoneSimulator.Build.0 = Release|iPhoneSimulator
		{3E13E4F5-58FC-40AD-B664-EED640164A81}.Release|iPhoneSimulator.Deploy.0 = Release|iPhoneSimulator
		{3E13E4F5-58FC-40AD-B664-EED640164A81}.Release|x64.ActiveCfg = Release|iPhoneSimulator
		{3E13E4F5-58FC-40AD-B664-EED640164A81}.Release|x86.ActiveCfg = Release|iPhoneSimulator
		{CF80A4A1-D8CF-4B8F-A662-D16C82BC350E}.Ad-Hoc|Any CPU.ActiveCfg = Debug|Any CPU
		{CF80A4A1-D8CF-4B8F-A662-D16C82BC350E}.Ad-Hoc|Any CPU.Build.0 = Debug|Any CPU
		{CF80A4A1-D8CF-4B8F-A662-D16C82BC350E}.Ad-Hoc|Any CPU.Deploy.0 = Debug|Any CPU
		{CF80A4A1-D8CF-4B8F-A662-D16C82BC350E}.Ad-Hoc|iPhone.ActiveCfg = Debug|Any CPU
		{CF80A4A1-D8CF-4B8F-A662-D16C82BC350E}.Ad-Hoc|iPhone.Build.0 = Debug|Any CPU
		{CF80A4A1-D8CF-4B8F-A662-D16C82BC350E}.Ad-Hoc|iPhone.Deploy.0 = Debug|Any CPU
		{CF80A4A1-D8CF-4B8F-A662-D16C82BC350E}.Ad-Hoc|iPhoneSimulator.ActiveCfg = Debug|Any CPU
		{CF80A4A1-D8CF-4B8F-A662-D16C82BC350E}.Ad-Hoc|iPhoneSimulator.Build.0 = Debug|Any CPU
		{CF80A4A1-D8CF-4B8F-A662-D16C82BC350E}.Ad-Hoc|iPhoneSimulator.Deploy.0 = Debug|Any CPU
		{CF80A4A1-D8CF-4B8F-A662-D16C82BC350E}.Ad-Hoc|x64.ActiveCfg = Release|Any CPU
		{CF80A4A1-D8CF-4B8F-A662-D16C82BC350E}.Ad-Hoc|x64.Build.0 = Release|Any CPU
		{CF80A4A1-D8CF-4B8F-A662-D16C82BC350E}.Ad-Hoc|x86.ActiveCfg = Release|Any CPU
		{CF80A4A1-D8CF-4B8F-A662-D16C82BC350E}.Ad-Hoc|x86.Build.0 = Release|Any CPU
		{CF80A4A1-D8CF-4B8F-A662-D16C82BC350E}.AppStore|Any CPU.ActiveCfg = Debug|Any CPU
		{CF80A4A1-D8CF-4B8F-A662-D16C82BC350E}.AppStore|Any CPU.Build.0 = Debug|Any CPU
		{CF80A4A1-D8CF-4B8F-A662-D16C82BC350E}.AppStore|Any CPU.Deploy.0 = Debug|Any CPU
		{CF80A4A1-D8CF-4B8F-A662-D16C82BC350E}.AppStore|iPhone.ActiveCfg = Debug|Any CPU
		{CF80A4A1-D8CF-4B8F-A662-D16C82BC350E}.AppStore|iPhone.Build.0 = Debug|Any CPU
		{CF80A4A1-D8CF-4B8F-A662-D16C82BC350E}.AppStore|iPhone.Deploy.0 = Debug|Any CPU
		{CF80A4A1-D8CF-4B8F-A662-D16C82BC350E}.AppStore|iPhoneSimulator.ActiveCfg = Debug|Any CPU
		{CF80A4A1-D8CF-4B8F-A662-D16C82BC350E}.AppStore|iPhoneSimulator.Build.0 = Debug|Any CPU
		{CF80A4A1-D8CF-4B8F-A662-D16C82BC350E}.AppStore|iPhoneSimulator.Deploy.0 = Debug|Any CPU
		{CF80A4A1-D8CF-4B8F-A662-D16C82BC350E}.AppStore|x64.ActiveCfg = Release|Any CPU
		{CF80A4A1-D8CF-4B8F-A662-D16C82BC350E}.AppStore|x64.Build.0 = Release|Any CPU
		{CF80A4A1-D8CF-4B8F-A662-D16C82BC350E}.AppStore|x86.ActiveCfg = Release|Any CPU
		{CF80A4A1-D8CF-4B8F-A662-D16C82BC350E}.AppStore|x86.Build.0 = Release|Any CPU
		{CF80A4A1-D8CF-4B8F-A662-D16C82BC350E}.Debug|Any CPU.ActiveCfg = Debug|Any CPU
		{CF80A4A1-D8CF-4B8F-A662-D16C82BC350E}.Debug|Any CPU.Build.0 = Debug|Any CPU
		{CF80A4A1-D8CF-4B8F-A662-D16C82BC350E}.Debug|Any CPU.Deploy.0 = Debug|Any CPU
		{CF80A4A1-D8CF-4B8F-A662-D16C82BC350E}.Debug|iPhone.ActiveCfg = Debug|Any CPU
		{CF80A4A1-D8CF-4B8F-A662-D16C82BC350E}.Debug|iPhone.Build.0 = Debug|Any CPU
		{CF80A4A1-D8CF-4B8F-A662-D16C82BC350E}.Debug|iPhone.Deploy.0 = Debug|Any CPU
		{CF80A4A1-D8CF-4B8F-A662-D16C82BC350E}.Debug|iPhoneSimulator.ActiveCfg = Debug|Any CPU
		{CF80A4A1-D8CF-4B8F-A662-D16C82BC350E}.Debug|iPhoneSimulator.Build.0 = Debug|Any CPU
		{CF80A4A1-D8CF-4B8F-A662-D16C82BC350E}.Debug|iPhoneSimulator.Deploy.0 = Debug|Any CPU
		{CF80A4A1-D8CF-4B8F-A662-D16C82BC350E}.Debug|x64.ActiveCfg = Debug|Any CPU
		{CF80A4A1-D8CF-4B8F-A662-D16C82BC350E}.Debug|x64.Build.0 = Debug|Any CPU
		{CF80A4A1-D8CF-4B8F-A662-D16C82BC350E}.Debug|x86.ActiveCfg = Debug|Any CPU
		{CF80A4A1-D8CF-4B8F-A662-D16C82BC350E}.Debug|x86.Build.0 = Debug|Any CPU
		{CF80A4A1-D8CF-4B8F-A662-D16C82BC350E}.Release|Any CPU.ActiveCfg = Release|Any CPU
		{CF80A4A1-D8CF-4B8F-A662-D16C82BC350E}.Release|Any CPU.Build.0 = Release|Any CPU
		{CF80A4A1-D8CF-4B8F-A662-D16C82BC350E}.Release|Any CPU.Deploy.0 = Release|Any CPU
		{CF80A4A1-D8CF-4B8F-A662-D16C82BC350E}.Release|iPhone.ActiveCfg = Release|Any CPU
		{CF80A4A1-D8CF-4B8F-A662-D16C82BC350E}.Release|iPhone.Build.0 = Release|Any CPU
		{CF80A4A1-D8CF-4B8F-A662-D16C82BC350E}.Release|iPhone.Deploy.0 = Release|Any CPU
		{CF80A4A1-D8CF-4B8F-A662-D16C82BC350E}.Release|iPhoneSimulator.ActiveCfg = Release|Any CPU
		{CF80A4A1-D8CF-4B8F-A662-D16C82BC350E}.Release|iPhoneSimulator.Build.0 = Release|Any CPU
		{CF80A4A1-D8CF-4B8F-A662-D16C82BC350E}.Release|iPhoneSimulator.Deploy.0 = Release|Any CPU
		{CF80A4A1-D8CF-4B8F-A662-D16C82BC350E}.Release|x64.ActiveCfg = Release|Any CPU
		{CF80A4A1-D8CF-4B8F-A662-D16C82BC350E}.Release|x64.Build.0 = Release|Any CPU
		{CF80A4A1-D8CF-4B8F-A662-D16C82BC350E}.Release|x86.ActiveCfg = Release|Any CPU
		{CF80A4A1-D8CF-4B8F-A662-D16C82BC350E}.Release|x86.Build.0 = Release|Any CPU
	EndGlobalSection
	GlobalSection(SolutionProperties) = preSolution
		HideSolutionNode = FALSE
	EndGlobalSection
	GlobalSection(NestedProjects) = preSolution
		{621C1C8B-7F7B-48CB-A0E0-A29D6E1C388F} = {2EF3E0D4-9E45-4C3B-9DAD-6A13F5F4A3EE}
		{B9144220-0AEF-44C9-B0A0-C4FFF74AE441} = {845A5A21-DE0A-444F-B1CA-0761AF1A35BC}
		{46576CC2-AEA8-4A41-89C2-7E035413AA8C} = {845A5A21-DE0A-444F-B1CA-0761AF1A35BC}
		{3D518760-8A47-4578-9C19-EBA09BCEC6F7} = {2EF3E0D4-9E45-4C3B-9DAD-6A13F5F4A3EE}
		{845A5A21-DE0A-444F-B1CA-0761AF1A35BC} = {2EF3E0D4-9E45-4C3B-9DAD-6A13F5F4A3EE}
		{65DFE289-C949-48A5-AD74-6B93E3ECCCE6} = {F7F1F417-87A0-41F7-9F14-F46A772BDAF7}
		{F7F1F417-87A0-41F7-9F14-F46A772BDAF7} = {2EF3E0D4-9E45-4C3B-9DAD-6A13F5F4A3EE}
		{42AFC9D3-D010-44B3-85FC-E1AE52F70511} = {2EF3E0D4-9E45-4C3B-9DAD-6A13F5F4A3EE}
		{8118E82C-715B-4FC6-8F62-C696A9697CBA} = {2EF3E0D4-9E45-4C3B-9DAD-6A13F5F4A3EE}
		{EF7E3BB3-C483-42DA-BBDE-92BDCB593DEF} = {2EF3E0D4-9E45-4C3B-9DAD-6A13F5F4A3EE}
		{3E13E4F5-58FC-40AD-B664-EED640164A81} = {2EF3E0D4-9E45-4C3B-9DAD-6A13F5F4A3EE}
		{CF80A4A1-D8CF-4B8F-A662-D16C82BC350E} = {2EF3E0D4-9E45-4C3B-9DAD-6A13F5F4A3EE}
	EndGlobalSection
	GlobalSection(ExtensibilityGlobals) = postSolution
		SolutionGuid = {9CF08746-3F6B-4A63-A043-F66E12D202B0}
	EndGlobalSection
EndGlobal
