Microsoft Visual Studio Solution File, Format Version 12.00
# Visual Studio Version 16
VisualStudioVersion = 16.0.29230.47
MinimumVisualStudioVersion = 10.0.40219.1
Project("{2150E333-8FDC-42A3-9474-1A3956D46DE8}") = "Solution Items", "Solution Items", "{F73C21D1-8FFA-4A55-B2A8-E6C36377A93A}"
	ProjectSection(SolutionItems) = preProject
		nuget.config = nuget.config
	EndProjectSection
EndProject
Project("{9A19103F-16F7-4668-BE54-9A1E7A4F7556}") = "HelloWorld", "HelloWorld\HelloWorld.csproj", "{DD0CF5CF-266B-47E5-8429-7FBB333CA1D3}"
EndProject
Project("{FAE04EC0-301F-11D3-BF4B-00C04F79EFBC}") = "RandomBuddyStalker", "RandomBuddyStalker\RandomBuddyStalker.csproj", "{E13D8B23-15F0-42D4-9538-D0901F85A781}"
EndProject
Global
	GlobalSection(SolutionConfigurationPlatforms) = preSolution
		Debug|Any CPU = Debug|Any CPU
		Release|Any CPU = Release|Any CPU
	EndGlobalSection
	GlobalSection(ProjectConfigurationPlatforms) = postSolution
		{DD0CF5CF-266B-47E5-8429-7FBB333CA1D3}.Debug|Any CPU.ActiveCfg = Debug|Any CPU
		{DD0CF5CF-266B-47E5-8429-7FBB333CA1D3}.Debug|Any CPU.Build.0 = Debug|Any CPU
		{DD0CF5CF-266B-47E5-8429-7FBB333CA1D3}.Release|Any CPU.ActiveCfg = Release|Any CPU
		{DD0CF5CF-266B-47E5-8429-7FBB333CA1D3}.Release|Any CPU.Build.0 = Release|Any CPU
		{E13D8B23-15F0-42D4-9538-D0901F85A781}.Debug|Any CPU.ActiveCfg = Debug|Any CPU
		{E13D8B23-15F0-42D4-9538-D0901F85A781}.Debug|Any CPU.Build.0 = Debug|Any CPU
		{E13D8B23-15F0-42D4-9538-D0901F85A781}.Release|Any CPU.ActiveCfg = Release|Any CPU
		{E13D8B23-15F0-42D4-9538-D0901F85A781}.Release|Any CPU.Build.0 = Release|Any CPU
	EndGlobalSection
	GlobalSection(SolutionProperties) = preSolution
		HideSolutionNode = FALSE
	EndGlobalSection
	GlobalSection(ExtensibilityGlobals) = postSolution
		SolutionGuid = {84F32E7E-DB91-4904-B104-B996967D030F}
	EndGlobalSection
EndGlobal
