
Microsoft Visual Studio Solution File, Format Version 12.00
# Visual Studio Version 16
VisualStudioVersion = 16.0.29521.150
MinimumVisualStudioVersion = 10.0.40219.1
Project("{9A19103F-16F7-4668-BE54-9A1E7A4F7556}") = "ReactiveUI.BlazorExample", "ReactiveUI.BlazorExample\ReactiveUI.BlazorExample.csproj", "{2FD74CB3-FA0D-4A64-8DA1-A1BE1DC6A197}"
EndProject
Global
	GlobalSection(SolutionConfigurationPlatforms) = preSolution
		Debug|Any CPU = Debug|Any CPU
		Release|Any CPU = Release|Any CPU
	EndGlobalSection
	GlobalSection(ProjectConfigurationPlatforms) = postSolution
		{2FD74CB3-FA0D-4A64-8DA1-A1BE1DC6A197}.Debug|Any CPU.ActiveCfg = Debug|Any CPU
		{2FD74CB3-FA0D-4A64-8DA1-A1BE1DC6A197}.Debug|Any CPU.Build.0 = Debug|Any CPU
		{2FD74CB3-FA0D-4A64-8DA1-A1BE1DC6A197}.Release|Any CPU.ActiveCfg = Release|Any CPU
		{2FD74CB3-FA0D-4A64-8DA1-A1BE1DC6A197}.Release|Any CPU.Build.0 = Release|Any CPU
	EndGlobalSection
	GlobalSection(SolutionProperties) = preSolution
		HideSolutionNode = FALSE
	EndGlobalSection
	GlobalSection(ExtensibilityGlobals) = postSolution
		SolutionGuid = {7D591459-DE1E-40DB-8108-77A6E862F09E}
	EndGlobalSection
EndGlobal
