
Microsoft Visual Studio Solution File, Format Version 12.00
# Visual Studio Version 16
VisualStudioVersion = 16.0.28711.60
MinimumVisualStudioVersion = 10.0.40219.1
Project("{FAE04EC0-301F-11D3-BF4B-00C04F79EFBC}") = "ReactiveUI.RazorExample", "ReactiveUI.RazorExample\ReactiveUI.RazorExample.csproj", "{B831097A-913B-4C5E-9A0A-8E50FF7B0652}"
EndProject
Global
	GlobalSection(SolutionConfigurationPlatforms) = preSolution
		Debug|Any CPU = Debug|Any CPU
		Release|Any CPU = Release|Any CPU
	EndGlobalSection
	GlobalSection(ProjectConfigurationPlatforms) = postSolution
		{B831097A-913B-4C5E-9A0A-8E50FF7B0652}.Debug|Any CPU.ActiveCfg = Debug|Any CPU
		{B831097A-913B-4C5E-9A0A-8E50FF7B0652}.Debug|Any CPU.Build.0 = Debug|Any CPU
		{B831097A-913B-4C5E-9A0A-8E50FF7B0652}.Release|Any CPU.ActiveCfg = Release|Any CPU
		{B831097A-913B-4C5E-9A0A-8E50FF7B0652}.Release|Any CPU.Build.0 = Release|Any CPU
	EndGlobalSection
	GlobalSection(SolutionProperties) = preSolution
		HideSolutionNode = FALSE
	EndGlobalSection
	GlobalSection(ExtensibilityGlobals) = postSolution
		SolutionGuid = {2EFEF226-D561-4CA3-9913-3FD03DC86642}
	EndGlobalSection
EndGlobal
