
Microsoft Visual Studio Solution File, Format Version 12.00
# Visual Studio Version 17
VisualStudioVersion = 17.8.34309.116
MinimumVisualStudioVersion = 10.0.40219.1
Project("{9A19103F-16F7-4668-BE54-9A1E7A4F7556}") = "ClientSideExample", "ClientSideExample.csproj", "{FEA3B15F-89E4-453D-8A71-C5F2CC9767B9}"
EndProject
Global
	GlobalSection(SolutionConfigurationPlatforms) = preSolution
		Debug|Any CPU = Debug|Any CPU
		Release|Any CPU = Release|Any CPU
	EndGlobalSection
	GlobalSection(ProjectConfigurationPlatforms) = postSolution
		{FEA3B15F-89E4-453D-8A71-C5F2CC9767B9}.Debug|Any CPU.ActiveCfg = Debug|Any CPU
		{FEA3B15F-89E4-453D-8A71-C5F2CC9767B9}.Debug|Any CPU.Build.0 = Debug|Any CPU
		{FEA3B15F-89E4-453D-8A71-C5F2CC9767B9}.Release|Any CPU.ActiveCfg = Release|Any CPU
		{FEA3B15F-89E4-453D-8A71-C5F2CC9767B9}.Release|Any CPU.Build.0 = Release|Any CPU
	EndGlobalSection
	GlobalSection(SolutionProperties) = preSolution
		HideSolutionNode = FALSE
	EndGlobalSection
	GlobalSection(ExtensibilityGlobals) = postSolution
		SolutionGuid = {AF91505F-643E-42C1-BA1E-5FCC5789A660}
	EndGlobalSection
EndGlobal
