
Microsoft Visual Studio Solution File, Format Version 12.00
# Visual Studio Version 16
VisualStudioVersion = 16.0.29209.62
MinimumVisualStudioVersion = 10.0.40219.1
Project("{FAE04EC0-301F-11D3-BF4B-00C04F79EFBC}") = "Timer", "Timer\Timer.csproj", "{AE2E416F-0F82-48AD-A5C5-4108EE3BD9CB}"
EndProject
Global
	GlobalSection(SolutionConfigurationPlatforms) = preSolution
		Debug|Any CPU = Debug|Any CPU
		Release|Any CPU = Release|Any CPU
	EndGlobalSection
	GlobalSection(ProjectConfigurationPlatforms) = postSolution
		{AE2E416F-0F82-48AD-A5C5-4108EE3BD9CB}.Debug|Any CPU.ActiveCfg = Debug|Any CPU
		{AE2E416F-0F82-48AD-A5C5-4108EE3BD9CB}.Debug|Any CPU.Build.0 = Debug|Any CPU
		{AE2E416F-0F82-48AD-A5C5-4108EE3BD9CB}.Release|Any CPU.ActiveCfg = Release|Any CPU
		{AE2E416F-0F82-48AD-A5C5-4108EE3BD9CB}.Release|Any CPU.Build.0 = Release|Any CPU
	EndGlobalSection
	GlobalSection(SolutionProperties) = preSolution
		HideSolutionNode = FALSE
	EndGlobalSection
	GlobalSection(ExtensibilityGlobals) = postSolution
		SolutionGuid = {26EDE5CC-B778-49AB-A1A0-A8E719CBDD61}
	EndGlobalSection
EndGlobal
