
Microsoft Visual Studio Solution File, Format Version 12.00
# Visual Studio Version 16
VisualStudioVersion = 16.0.29521.150
MinimumVisualStudioVersion = 10.0.40219.1
Project("{FAE04EC0-301F-11D3-BF4B-00C04F79EFBC}") = "HostedExample.Server", "HostedExample\Server\HostedExample.Server.csproj", "{C11437FB-75FC-4B29-B7FA-6C5B76DC9836}"
EndProject
Project("{FAE04EC0-301F-11D3-BF4B-00C04F79EFBC}") = "HostedExample.Client", "HostedExample\Client\HostedExample.Client.csproj", "{26A2FA5B-D9D5-4700-B3D8-8BB1AE9D5AD8}"
EndProject
Project("{FAE04EC0-301F-11D3-BF4B-00C04F79EFBC}") = "HostedExample.Shared", "HostedExample\Shared\HostedExample.Shared.csproj", "{3720C45C-AAD0-4337-8C2A-E7043FB83EC9}"
EndProject
Global
	GlobalSection(SolutionConfigurationPlatforms) = preSolution
		Debug|Any CPU = Debug|Any CPU
		Release|Any CPU = Release|Any CPU
	EndGlobalSection
	GlobalSection(ProjectConfigurationPlatforms) = postSolution
		{C11437FB-75FC-4B29-B7FA-6C5B76DC9836}.Debug|Any CPU.ActiveCfg = Debug|Any CPU
		{C11437FB-75FC-4B29-B7FA-6C5B76DC9836}.Debug|Any CPU.Build.0 = Debug|Any CPU
		{C11437FB-75FC-4B29-B7FA-6C5B76DC9836}.Release|Any CPU.ActiveCfg = Release|Any CPU
		{C11437FB-75FC-4B29-B7FA-6C5B76DC9836}.Release|Any CPU.Build.0 = Release|Any CPU
		{26A2FA5B-D9D5-4700-B3D8-8BB1AE9D5AD8}.Debug|Any CPU.ActiveCfg = Debug|Any CPU
		{26A2FA5B-D9D5-4700-B3D8-8BB1AE9D5AD8}.Debug|Any CPU.Build.0 = Debug|Any CPU
		{26A2FA5B-D9D5-4700-B3D8-8BB1AE9D5AD8}.Release|Any CPU.ActiveCfg = Release|Any CPU
		{26A2FA5B-D9D5-4700-B3D8-8BB1AE9D5AD8}.Release|Any CPU.Build.0 = Release|Any CPU
		{3720C45C-AAD0-4337-8C2A-E7043FB83EC9}.Debug|Any CPU.ActiveCfg = Debug|Any CPU
		{3720C45C-AAD0-4337-8C2A-E7043FB83EC9}.Debug|Any CPU.Build.0 = Debug|Any CPU
		{3720C45C-AAD0-4337-8C2A-E7043FB83EC9}.Release|Any CPU.ActiveCfg = Release|Any CPU
		{3720C45C-AAD0-4337-8C2A-E7043FB83EC9}.Release|Any CPU.Build.0 = Release|Any CPU
	EndGlobalSection
	GlobalSection(SolutionProperties) = preSolution
		HideSolutionNode = FALSE
	EndGlobalSection
	GlobalSection(ExtensibilityGlobals) = postSolution
		SolutionGuid = {FEC3A092-BD77-4F36-82FE-B7F29F2AA53E}
	EndGlobalSection
EndGlobal
